// !$*UTF8*$!
{
	archiveVersion = 1;
	classes = {
	};
	objectVersion = 55;
	objects = {

/* Begin PBXBuildFile section */
		788AA4A02988285700DB6EAA /* AppDelegate+Debug.swift in Sources */ = {isa = PBXBuildFile; fileRef = 788AA49F2988285700DB6EAA /* AppDelegate+Debug.swift */; };
		78AFC5E92A126CF00005AB59 /* API_KEYS.swift in Sources */ = {isa = PBXBuildFile; fileRef = 78AFC5E82A126CF00005AB59 /* API_KEYS.swift */; };
		78D842742980242D00B13B49 /* SendStatisticsController.swift in Sources */ = {isa = PBXBuildFile; fileRef = 78D842732980242D00B13B49 /* SendStatisticsController.swift */; };
		78D84276298024B300B13B49 /* URLSessionExtension.swift in Sources */ = {isa = PBXBuildFile; fileRef = 78D84275298024B300B13B49 /* URLSessionExtension.swift */; };
		78D842782980252700B13B49 /* Api.swift in Sources */ = {isa = PBXBuildFile; fileRef = 78D842772980252700B13B49 /* Api.swift */; };
		78D842802982C6A500B13B49 /* AirGuardApiTests.swift in Sources */ = {isa = PBXBuildFile; fileRef = 78D8427F2982C6A500B13B49 /* AirGuardApiTests.swift */; };
		78DF6EA1299A72AD00AFACAB /* ChipoloConstants.swift in Sources */ = {isa = PBXBuildFile; fileRef = 78DF6EA0299A72AD00AFACAB /* ChipoloConstants.swift */; };
		78DF6EA2299A72AD00AFACAB /* ChipoloConstants.swift in Sources */ = {isa = PBXBuildFile; fileRef = 78DF6EA0299A72AD00AFACAB /* ChipoloConstants.swift */; };
		EB01019A28F5520B004520E9 /* DebugMapView.swift in Sources */ = {isa = PBXBuildFile; fileRef = EB01019928F5520B004520E9 /* DebugMapView.swift */; };
		EB037D38283F85CF0018DF60 /* Clock.swift in Sources */ = {isa = PBXBuildFile; fileRef = EB037D37283F85CF0018DF60 /* Clock.swift */; };
		EB037D3B283F972E0018DF60 /* AppDelegate.swift in Sources */ = {isa = PBXBuildFile; fileRef = EB037D3A283F972E0018DF60 /* AppDelegate.swift */; };
		EB03E39D2850DC89000B9BE1 /* WidgetKit.framework in Frameworks */ = {isa = PBXBuildFile; fileRef = EB03E39C2850DC89000B9BE1 /* WidgetKit.framework */; };
		EB03E39F2850DC89000B9BE1 /* SwiftUI.framework in Frameworks */ = {isa = PBXBuildFile; fileRef = EB03E39E2850DC89000B9BE1 /* SwiftUI.framework */; };
		EB03E3A22850DC89000B9BE1 /* AirGuardWidget.swift in Sources */ = {isa = PBXBuildFile; fileRef = EB03E3A12850DC89000B9BE1 /* AirGuardWidget.swift */; };
		EB03E3C528521408000B9BE1 /* PersistenceController.swift in Sources */ = {isa = PBXBuildFile; fileRef = EB51A61E2829214300652573 /* PersistenceController.swift */; };
		EB03E3C628521424000B9BE1 /* DataModel.xcdatamodeld in Sources */ = {isa = PBXBuildFile; fileRef = EB51A61728291D8300652573 /* DataModel.xcdatamodeld */; };
		EB03E3C72852142B000B9BE1 /* BaseDevice+CoreDataClass.swift in Sources */ = {isa = PBXBuildFile; fileRef = EB6186E3282FDB4A0092280F /* BaseDevice+CoreDataClass.swift */; };
		EB03E3C82852142E000B9BE1 /* BaseDevice+CoreDataProperties.swift in Sources */ = {isa = PBXBuildFile; fileRef = EB6186E4282FDB4A0092280F /* BaseDevice+CoreDataProperties.swift */; };
		EB03E3E428521771000B9BE1 /* DatabaseHelpers.swift in Sources */ = {isa = PBXBuildFile; fileRef = EB03E3E328521771000B9BE1 /* DatabaseHelpers.swift */; };
		EB03E3E728521859000B9BE1 /* BaseDeviceExtensions.swift in Sources */ = {isa = PBXBuildFile; fileRef = EB03E3E628521859000B9BE1 /* BaseDeviceExtensions.swift */; };
		EB03E3E92852190B000B9BE1 /* Constants.swift in Sources */ = {isa = PBXBuildFile; fileRef = EB76BCC12821776800CD5CC5 /* Constants.swift */; };
		EB16744928FB4F5D00A97500 /* BluetoothTempData.swift in Sources */ = {isa = PBXBuildFile; fileRef = EB16744828FB4F5D00A97500 /* BluetoothTempData.swift */; };
		EB16744A28FB4F5D00A97500 /* BluetoothTempData.swift in Sources */ = {isa = PBXBuildFile; fileRef = EB16744828FB4F5D00A97500 /* BluetoothTempData.swift */; };
		EB16744C28FB591400A97500 /* PrecisionFindingView.swift in Sources */ = {isa = PBXBuildFile; fileRef = EB16744B28FB591400A97500 /* PrecisionFindingView.swift */; };
		EB16744D28FB591400A97500 /* PrecisionFindingView.swift in Sources */ = {isa = PBXBuildFile; fileRef = EB16744B28FB591400A97500 /* PrecisionFindingView.swift */; };
		EB1D95EA28B503AD00EEFF8C /* InfoPlist.strings in Resources */ = {isa = PBXBuildFile; fileRef = EB1D95ED28B503AD00EEFF8C /* InfoPlist.strings */; };
		EB1D95EB28B503AD00EEFF8C /* InfoPlist.strings in Resources */ = {isa = PBXBuildFile; fileRef = EB1D95ED28B503AD00EEFF8C /* InfoPlist.strings */; };
		EB3865C52844C54300A271AA /* MapView.swift in Sources */ = {isa = PBXBuildFile; fileRef = EB3865C42844C54300A271AA /* MapView.swift */; };
		EB3BFB86289D284C001839BF /* EnableObservationView.swift in Sources */ = {isa = PBXBuildFile; fileRef = EB3BFB85289D284C001839BF /* EnableObservationView.swift */; };
		EB3E70B1287ADC5F00A44FF9 /* TrackerHistoryView.swift in Sources */ = {isa = PBXBuildFile; fileRef = EB3E70B0287ADC5F00A44FF9 /* TrackerHistoryView.swift */; };
		EB46DC4628211E8E007B41B7 /* ManualScanningView.swift in Sources */ = {isa = PBXBuildFile; fileRef = EB46DC4528211E8E007B41B7 /* ManualScanningView.swift */; };
		EB4A4AC22854AB9600DBCB58 /* Assets.xcassets in Resources */ = {isa = PBXBuildFile; fileRef = EB8D574328099EB1006B1BB8 /* Assets.xcassets */; };
		EB4BD4C72906ABF60028E569 /* NavigationSubView.swift in Sources */ = {isa = PBXBuildFile; fileRef = EB4BD4C62906ABF60028E569 /* NavigationSubView.swift */; };
		EB4BD4C92906AEFC0028E569 /* ManualScanningDeviceList.swift in Sources */ = {isa = PBXBuildFile; fileRef = EB4BD4C82906AEFC0028E569 /* ManualScanningDeviceList.swift */; };
		EB4D5F32286EE88F003BB891 /* ImageCardView.swift in Sources */ = {isa = PBXBuildFile; fileRef = EB4D5F31286EE88F003BB891 /* ImageCardView.swift */; };
		EB4D5F34286EEFCA003BB891 /* CaruselView.swift in Sources */ = {isa = PBXBuildFile; fileRef = EB4D5F33286EEFCA003BB891 /* CaruselView.swift */; };
		EB4D5F36286EFE18003BB891 /* AppInfoView.swift in Sources */ = {isa = PBXBuildFile; fileRef = EB4D5F35286EFE18003BB891 /* AppInfoView.swift */; };
		EB4D5F38286F057E003BB891 /* ArticleView.swift in Sources */ = {isa = PBXBuildFile; fileRef = EB4D5F37286F057E003BB891 /* ArticleView.swift */; };
		EB4D5F3A286F0CC0003BB891 /* Article.swift in Sources */ = {isa = PBXBuildFile; fileRef = EB4D5F39286F0CC0003BB891 /* Article.swift */; };
		EB51A61928291D8300652573 /* DataModel.xcdatamodeld in Sources */ = {isa = PBXBuildFile; fileRef = EB51A61728291D8300652573 /* DataModel.xcdatamodeld */; };
		EB51A61F2829214300652573 /* PersistenceController.swift in Sources */ = {isa = PBXBuildFile; fileRef = EB51A61E2829214300652573 /* PersistenceController.swift */; };
		EB597BDA284CA77000CC55F2 /* PermissionView.swift in Sources */ = {isa = PBXBuildFile; fileRef = EB597BD9284CA77000CC55F2 /* PermissionView.swift */; };
		EB597BDC284CA8F300CC55F2 /* NotificationPermissionView.swift in Sources */ = {isa = PBXBuildFile; fileRef = EB597BDB284CA8F300CC55F2 /* NotificationPermissionView.swift */; };
		EB597BDE284CA9DB00CC55F2 /* LocationPermissionView.swift in Sources */ = {isa = PBXBuildFile; fileRef = EB597BDD284CA9DB00CC55F2 /* LocationPermissionView.swift */; };
		EB597BE0284CABAD00CC55F2 /* StudyOptInView.swift in Sources */ = {isa = PBXBuildFile; fileRef = EB597BDF284CABAD00CC55F2 /* StudyOptInView.swift */; };
		EB597BE2284CD52A00CC55F2 /* DoneView.swift in Sources */ = {isa = PBXBuildFile; fileRef = EB597BE1284CD52A00CC55F2 /* DoneView.swift */; };
		EB5F8A712833C0F200ED2CD3 /* SoundManager.swift in Sources */ = {isa = PBXBuildFile; fileRef = EB5F8A702833C0F200ED2CD3 /* SoundManager.swift */; };
		EB5FAE29284E059800D5A20A /* AirTag.swift in Sources */ = {isa = PBXBuildFile; fileRef = EB5FAE28284E059800D5A20A /* AirTag.swift */; };
		EB5FAE2B284E05A500D5A20A /* FindMyDevice.swift in Sources */ = {isa = PBXBuildFile; fileRef = EB5FAE2A284E05A500D5A20A /* FindMyDevice.swift */; };
		EB5FAE2D284E05AC00D5A20A /* Tile.swift in Sources */ = {isa = PBXBuildFile; fileRef = EB5FAE2C284E05AC00D5A20A /* Tile.swift */; };
		EB5FAE2F284E05B500D5A20A /* SmartTag.swift in Sources */ = {isa = PBXBuildFile; fileRef = EB5FAE2E284E05B500D5A20A /* SmartTag.swift */; };
		EB5FAE33284E2FB200D5A20A /* TrackerIconView.swift in Sources */ = {isa = PBXBuildFile; fileRef = EB5FAE32284E2FB200D5A20A /* TrackerIconView.swift */; };
		EB5FAE36284E2FF100D5A20A /* DefaultConstants.swift in Sources */ = {isa = PBXBuildFile; fileRef = EB5FAE35284E2FF100D5A20A /* DefaultConstants.swift */; };
		EB5FAE39284E40CD00D5A20A /* DisableDevicesView.swift in Sources */ = {isa = PBXBuildFile; fileRef = EB5FAE38284E40CD00D5A20A /* DisableDevicesView.swift */; };
		EB6186B5282AAA900092280F /* CustomForm.swift in Sources */ = {isa = PBXBuildFile; fileRef = EB6186B4282AAA900092280F /* CustomForm.swift */; };
		EB6186B8282AABA70092280F /* CustomLabel.swift in Sources */ = {isa = PBXBuildFile; fileRef = EB6186B7282AABA70092280F /* CustomLabel.swift */; };
		EB6186E1282FAFEE0092280F /* AdvertisementDecoder.swift in Sources */ = {isa = PBXBuildFile; fileRef = EB6186E0282FAFEE0092280F /* AdvertisementDecoder.swift */; };
		EB6186E5282FDB4A0092280F /* BaseDevice+CoreDataClass.swift in Sources */ = {isa = PBXBuildFile; fileRef = EB6186E3282FDB4A0092280F /* BaseDevice+CoreDataClass.swift */; };
		EB6186E7282FDB4B0092280F /* BaseDevice+CoreDataProperties.swift in Sources */ = {isa = PBXBuildFile; fileRef = EB6186E4282FDB4A0092280F /* BaseDevice+CoreDataProperties.swift */; };
		EB6C61C528250351001ABF81 /* RSSIIndicator.swift in Sources */ = {isa = PBXBuildFile; fileRef = EB6C61C428250351001ABF81 /* RSSIIndicator.swift */; };
		EB76BCC22821776800CD5CC5 /* Constants.swift in Sources */ = {isa = PBXBuildFile; fileRef = EB76BCC12821776800CD5CC5 /* Constants.swift */; };
		EB76BCC82821779700CD5CC5 /* TrackerDetailView.swift in Sources */ = {isa = PBXBuildFile; fileRef = EB76BCC72821779700CD5CC5 /* TrackerDetailView.swift */; };
		EB76BCCD282177F000CD5CC5 /* SecondsString.swift in Sources */ = {isa = PBXBuildFile; fileRef = EB76BCCA282177F000CD5CC5 /* SecondsString.swift */; };
		EB76BCCF282177F000CD5CC5 /* RSSIDecoder.swift in Sources */ = {isa = PBXBuildFile; fileRef = EB76BCCB282177F000CD5CC5 /* RSSIDecoder.swift */; };
		EB76BCD1282177F000CD5CC5 /* ViewExtensions.swift in Sources */ = {isa = PBXBuildFile; fileRef = EB76BCCC282177F000CD5CC5 /* ViewExtensions.swift */; };
		EB76BCD52822979600CD5CC5 /* NotificationManager.swift in Sources */ = {isa = PBXBuildFile; fileRef = EB76BCD42822979600CD5CC5 /* NotificationManager.swift */; };
		EB8CB3642832790700BAB10D /* TrackingDetection.swift in Sources */ = {isa = PBXBuildFile; fileRef = EB8CB3632832790700BAB10D /* TrackingDetection.swift */; };
		EB8CB3662832894A00BAB10D /* SettingsView.swift in Sources */ = {isa = PBXBuildFile; fileRef = EB8CB3652832894A00BAB10D /* SettingsView.swift */; };
		EB8D575128099EB1006B1BB8 /* AirGuardApp.swift in Sources */ = {isa = PBXBuildFile; fileRef = EB8D574128099EAD006B1BB8 /* AirGuardApp.swift */; };
		EB8D575328099EB1006B1BB8 /* ContentView.swift in Sources */ = {isa = PBXBuildFile; fileRef = EB8D574228099EAD006B1BB8 /* ContentView.swift */; };
		EB8D575528099EB1006B1BB8 /* Assets.xcassets in Resources */ = {isa = PBXBuildFile; fileRef = EB8D574328099EB1006B1BB8 /* Assets.xcassets */; };
		EB8D57602809A045006B1BB8 /* BluetoohManager.swift in Sources */ = {isa = PBXBuildFile; fileRef = EB8D575F2809A045006B1BB8 /* BluetoohManager.swift */; };
		EB8D5774280D6539006B1BB8 /* LocationManager.swift in Sources */ = {isa = PBXBuildFile; fileRef = EB8D5773280D6539006B1BB8 /* LocationManager.swift */; };
		EB8D5777280D77F1006B1BB8 /* DeviceType.swift in Sources */ = {isa = PBXBuildFile; fileRef = EB8D5776280D77F0006B1BB8 /* DeviceType.swift */; };
		EB9D4DC628683BDF0039B668 /* RiskDetailView.swift in Sources */ = {isa = PBXBuildFile; fileRef = EB9D4DC528683BDF0039B668 /* RiskDetailView.swift */; };
		EBB725B4285CBF5E005EA3E4 /* Date.swift in Sources */ = {isa = PBXBuildFile; fileRef = EBB725B3285CBF5E005EA3E4 /* Date.swift */; };
		EBB725B5285CC0C8005EA3E4 /* Date.swift in Sources */ = {isa = PBXBuildFile; fileRef = EBB725B3285CBF5E005EA3E4 /* Date.swift */; };
		EBB725B7285DCDBB005EA3E4 /* DebugSettingsView.swift in Sources */ = {isa = PBXBuildFile; fileRef = EBB725B6285DCDBB005EA3E4 /* DebugSettingsView.swift */; };
		EBB725B9285DE1C6005EA3E4 /* Logger.swift in Sources */ = {isa = PBXBuildFile; fileRef = EBB725B8285DE1C6005EA3E4 /* Logger.swift */; };
		EBB725BA285DE5BF005EA3E4 /* Logger.swift in Sources */ = {isa = PBXBuildFile; fileRef = EBB725B8285DE1C6005EA3E4 /* Logger.swift */; };
		EBB725BE285F6E60005EA3E4 /* DeviceTypeDetection.swift in Sources */ = {isa = PBXBuildFile; fileRef = EBB725BD285F6E60005EA3E4 /* DeviceTypeDetection.swift */; };
		EBB725BF285F6E60005EA3E4 /* DeviceTypeDetection.swift in Sources */ = {isa = PBXBuildFile; fileRef = EBB725BD285F6E60005EA3E4 /* DeviceTypeDetection.swift */; };
		EBB725C1285F741D005EA3E4 /* BluetoothRequest.swift in Sources */ = {isa = PBXBuildFile; fileRef = EBB725C0285F741D005EA3E4 /* BluetoothRequest.swift */; };
		EBB725C2285F741D005EA3E4 /* BluetoothRequest.swift in Sources */ = {isa = PBXBuildFile; fileRef = EBB725C0285F741D005EA3E4 /* BluetoothRequest.swift */; };
		EBB7B29A284D288C00AA5ED9 /* LocationAlwaysPermissionView.swift in Sources */ = {isa = PBXBuildFile; fileRef = EBB7B299284D288C00AA5ED9 /* LocationAlwaysPermissionView.swift */; };
		EBB808B72897FD60004F3F26 /* DetailTopView.swift in Sources */ = {isa = PBXBuildFile; fileRef = EBB808B62897FD60004F3F26 /* DetailTopView.swift */; };
		EBB808B92897FDD1004F3F26 /* DetailMapView.swift in Sources */ = {isa = PBXBuildFile; fileRef = EBB808B82897FDD1004F3F26 /* DetailMapView.swift */; };
		EBB808BB2897FE2D004F3F26 /* DetailGeneralView.swift in Sources */ = {isa = PBXBuildFile; fileRef = EBB808BA2897FE2D004F3F26 /* DetailGeneralView.swift */; };
		EBB808BD2897FFA0004F3F26 /* DetailNotificationsView.swift in Sources */ = {isa = PBXBuildFile; fileRef = EBB808BC2897FFA0004F3F26 /* DetailNotificationsView.swift */; };
		EBB808BF2898003B004F3F26 /* DetailMoreView.swift in Sources */ = {isa = PBXBuildFile; fileRef = EBB808BE2898003B004F3F26 /* DetailMoreView.swift */; };
		EBB808C1289800F8004F3F26 /* DetailDebugView.swift in Sources */ = {isa = PBXBuildFile; fileRef = EBB808C0289800F8004F3F26 /* DetailDebugView.swift */; };
		EBC286482834E448007AC392 /* TapticControl.swift in Sources */ = {isa = PBXBuildFile; fileRef = EBC286472834E447007AC392 /* TapticControl.swift */; };
		EBC2864B2834F1AB007AC392 /* BluetoothOffView.swift in Sources */ = {isa = PBXBuildFile; fileRef = EBC2864A2834F1AB007AC392 /* BluetoothOffView.swift */; };
		EBC49C012860977B0055FA84 /* BluetoothManagerTimer.swift in Sources */ = {isa = PBXBuildFile; fileRef = EBC49C002860977B0055FA84 /* BluetoothManagerTimer.swift */; };
		EBC49C022860977B0055FA84 /* BluetoothManagerTimer.swift in Sources */ = {isa = PBXBuildFile; fileRef = EBC49C002860977B0055FA84 /* BluetoothManagerTimer.swift */; };
		EBC7CBCE2820089A00167E29 /* NFCReader.swift in Sources */ = {isa = PBXBuildFile; fileRef = EBC7CBCD2820089A00167E29 /* NFCReader.swift */; };
		EBC7CBD12820478600167E29 /* ScanningAnimation.swift in Sources */ = {isa = PBXBuildFile; fileRef = EBC7CBD02820478600167E29 /* ScanningAnimation.swift */; };
		EBC7CBD7282047BF00167E29 /* Settings.swift in Sources */ = {isa = PBXBuildFile; fileRef = EBC7CBD6282047BF00167E29 /* Settings.swift */; };
		EBC7CBDA282047DF00167E29 /* DeviceListEntryView.swift in Sources */ = {isa = PBXBuildFile; fileRef = EBC7CBD9282047DF00167E29 /* DeviceListEntryView.swift */; };
		EBD4FF9D28B4D27900B0DE74 /* Localizable.strings in Resources */ = {isa = PBXBuildFile; fileRef = EBD4FFA028B4D27900B0DE74 /* Localizable.strings */; };
		EBD4FF9E28B4D27900B0DE74 /* Localizable.strings in Resources */ = {isa = PBXBuildFile; fileRef = EBD4FFA028B4D27900B0DE74 /* Localizable.strings */; };
		EBD84F6F28527E4F005D3661 /* BaseDeviceExtensions.swift in Sources */ = {isa = PBXBuildFile; fileRef = EB03E3E628521859000B9BE1 /* BaseDeviceExtensions.swift */; };
		EBD84F7028527E4F005D3661 /* SmartTag.swift in Sources */ = {isa = PBXBuildFile; fileRef = EB5FAE2E284E05B500D5A20A /* SmartTag.swift */; };
		EBD84F7228527E4F005D3661 /* AirTag.swift in Sources */ = {isa = PBXBuildFile; fileRef = EB5FAE28284E059800D5A20A /* AirTag.swift */; };
		EBD84F7328527E4F005D3661 /* TrackerIconView.swift in Sources */ = {isa = PBXBuildFile; fileRef = EB5FAE32284E2FB200D5A20A /* TrackerIconView.swift */; };
		EBD84F7428527E4F005D3661 /* BluetoohManager.swift in Sources */ = {isa = PBXBuildFile; fileRef = EB8D575F2809A045006B1BB8 /* BluetoohManager.swift */; };
		EBD84F7528527E4F005D3661 /* NotificationManager.swift in Sources */ = {isa = PBXBuildFile; fileRef = EB76BCD42822979600CD5CC5 /* NotificationManager.swift */; };
		EBD84F7628527E4F005D3661 /* LocationManager.swift in Sources */ = {isa = PBXBuildFile; fileRef = EB8D5773280D6539006B1BB8 /* LocationManager.swift */; };
		EBD84F7728527E4F005D3661 /* RSSIDecoder.swift in Sources */ = {isa = PBXBuildFile; fileRef = EB76BCCB282177F000CD5CC5 /* RSSIDecoder.swift */; };
		EBD84F7828527E4F005D3661 /* Settings.swift in Sources */ = {isa = PBXBuildFile; fileRef = EBC7CBD6282047BF00167E29 /* Settings.swift */; };
		EBD84F7928527E4F005D3661 /* Tile.swift in Sources */ = {isa = PBXBuildFile; fileRef = EB5FAE2C284E05AC00D5A20A /* Tile.swift */; };
		EBD84F7A28527E4F005D3661 /* TapticControl.swift in Sources */ = {isa = PBXBuildFile; fileRef = EBC286472834E447007AC392 /* TapticControl.swift */; };
		EBD84F7B28527E4F005D3661 /* AdvertisementDecoder.swift in Sources */ = {isa = PBXBuildFile; fileRef = EB6186E0282FAFEE0092280F /* AdvertisementDecoder.swift */; };
		EBD84F7C28527E4F005D3661 /* DeviceType.swift in Sources */ = {isa = PBXBuildFile; fileRef = EB8D5776280D77F0006B1BB8 /* DeviceType.swift */; };
		EBD84F7D28527E4F005D3661 /* DatabaseHelpers.swift in Sources */ = {isa = PBXBuildFile; fileRef = EB03E3E328521771000B9BE1 /* DatabaseHelpers.swift */; };
		EBD84F7E28527E4F005D3661 /* FindMyDevice.swift in Sources */ = {isa = PBXBuildFile; fileRef = EB5FAE2A284E05A500D5A20A /* FindMyDevice.swift */; };
		EBD84F7F28527E4F005D3661 /* TrackingDetection.swift in Sources */ = {isa = PBXBuildFile; fileRef = EB8CB3632832790700BAB10D /* TrackingDetection.swift */; };
		EBD84F8028527E4F005D3661 /* DefaultConstants.swift in Sources */ = {isa = PBXBuildFile; fileRef = EB5FAE35284E2FF100D5A20A /* DefaultConstants.swift */; };
		EBD84F8128527E4F005D3661 /* SoundManager.swift in Sources */ = {isa = PBXBuildFile; fileRef = EB5F8A702833C0F200ED2CD3 /* SoundManager.swift */; };
		EBD84F8228527ECA005D3661 /* SecondsString.swift in Sources */ = {isa = PBXBuildFile; fileRef = EB76BCCA282177F000CD5CC5 /* SecondsString.swift */; };
		EBD84F8328527EED005D3661 /* ViewExtensions.swift in Sources */ = {isa = PBXBuildFile; fileRef = EB76BCCC282177F000CD5CC5 /* ViewExtensions.swift */; };
		EBE6ABB4284B6EE8002958E8 /* AppDelegate+NotificationCenter.swift in Sources */ = {isa = PBXBuildFile; fileRef = EBE6ABB3284B6EE8002958E8 /* AppDelegate+NotificationCenter.swift */; };
		EBE6ABB7284C9AE3002958E8 /* IntroductionView.swift in Sources */ = {isa = PBXBuildFile; fileRef = EBE6ABB6284C9AE3002958E8 /* IntroductionView.swift */; };
		EBE6ABBA284C9B4C002958E8 /* BigButtonView.swift in Sources */ = {isa = PBXBuildFile; fileRef = EBE6ABB9284C9B4C002958E8 /* BigButtonView.swift */; };
		EBE6ABBC284CA256002958E8 /* BluetoothPermissionView.swift in Sources */ = {isa = PBXBuildFile; fileRef = EBE6ABBB284CA256002958E8 /* BluetoothPermissionView.swift */; };
		EBF553C12865C93300872AD7 /* HomeView.swift in Sources */ = {isa = PBXBuildFile; fileRef = EBF553C02865C93300872AD7 /* HomeView.swift */; };
		EBF553C42865E47300872AD7 /* RiskView.swift in Sources */ = {isa = PBXBuildFile; fileRef = EBF553C32865E47300872AD7 /* RiskView.swift */; };
		EBF553C62865EA2500872AD7 /* CardView.swift in Sources */ = {isa = PBXBuildFile; fileRef = EBF553C52865EA2500872AD7 /* CardView.swift */; };
/* End PBXBuildFile section */

/* Begin PBXContainerItemProxy section */
		78D842812982C6A500B13B49 /* PBXContainerItemProxy */ = {
			isa = PBXContainerItemProxy;
			containerPortal = EB8D573C28099EAD006B1BB8 /* Project object */;
			proxyType = 1;
			remoteGlobalIDString = EB8D574728099EB1006B1BB8;
			remoteInfo = "AirGuard (iOS)";
		};
/* End PBXContainerItemProxy section */

/* Begin PBXFileReference section */
		785C81D829939E5100547D35 /* README.md */ = {isa = PBXFileReference; lastKnownFileType = net.daringfireball.markdown; path = README.md; sourceTree = "<group>"; };
		788AA49F2988285700DB6EAA /* AppDelegate+Debug.swift */ = {isa = PBXFileReference; lastKnownFileType = sourcecode.swift; path = "AppDelegate+Debug.swift"; sourceTree = "<group>"; };
		78AFC5E82A126CF00005AB59 /* API_KEYS.swift */ = {isa = PBXFileReference; lastKnownFileType = sourcecode.swift; path = API_KEYS.swift; sourceTree = "<group>"; };
		78D842732980242D00B13B49 /* SendStatisticsController.swift */ = {isa = PBXFileReference; lastKnownFileType = sourcecode.swift; path = SendStatisticsController.swift; sourceTree = "<group>"; };
		78D84275298024B300B13B49 /* URLSessionExtension.swift */ = {isa = PBXFileReference; lastKnownFileType = sourcecode.swift; path = URLSessionExtension.swift; sourceTree = "<group>"; };
		78D842772980252700B13B49 /* Api.swift */ = {isa = PBXFileReference; lastKnownFileType = sourcecode.swift; path = Api.swift; sourceTree = "<group>"; };
		78D8427D2982C6A500B13B49 /* AirGuardTests.xctest */ = {isa = PBXFileReference; explicitFileType = wrapper.cfbundle; includeInIndex = 0; path = AirGuardTests.xctest; sourceTree = BUILT_PRODUCTS_DIR; };
		78D8427F2982C6A500B13B49 /* AirGuardApiTests.swift */ = {isa = PBXFileReference; lastKnownFileType = sourcecode.swift; path = AirGuardApiTests.swift; sourceTree = "<group>"; };
		78DF6EA0299A72AD00AFACAB /* ChipoloConstants.swift */ = {isa = PBXFileReference; lastKnownFileType = sourcecode.swift; path = ChipoloConstants.swift; sourceTree = "<group>"; };
		EB01019928F5520B004520E9 /* DebugMapView.swift */ = {isa = PBXFileReference; lastKnownFileType = sourcecode.swift; path = DebugMapView.swift; sourceTree = "<group>"; };
		EB037D37283F85CF0018DF60 /* Clock.swift */ = {isa = PBXFileReference; lastKnownFileType = sourcecode.swift; path = Clock.swift; sourceTree = "<group>"; };
		EB037D3A283F972E0018DF60 /* AppDelegate.swift */ = {isa = PBXFileReference; lastKnownFileType = sourcecode.swift; path = AppDelegate.swift; sourceTree = "<group>"; };
		EB03E39A2850DC89000B9BE1 /* AirGuardWidgetExtension.appex */ = {isa = PBXFileReference; explicitFileType = "wrapper.app-extension"; includeInIndex = 0; path = AirGuardWidgetExtension.appex; sourceTree = BUILT_PRODUCTS_DIR; };
		EB03E39C2850DC89000B9BE1 /* WidgetKit.framework */ = {isa = PBXFileReference; lastKnownFileType = wrapper.framework; name = WidgetKit.framework; path = System/Library/Frameworks/WidgetKit.framework; sourceTree = SDKROOT; };
		EB03E39E2850DC89000B9BE1 /* SwiftUI.framework */ = {isa = PBXFileReference; lastKnownFileType = wrapper.framework; name = SwiftUI.framework; path = System/Library/Frameworks/SwiftUI.framework; sourceTree = SDKROOT; };
		EB03E3A12850DC89000B9BE1 /* AirGuardWidget.swift */ = {isa = PBXFileReference; lastKnownFileType = sourcecode.swift; path = AirGuardWidget.swift; sourceTree = "<group>"; };
		EB03E3A52850DC8B000B9BE1 /* Info.plist */ = {isa = PBXFileReference; lastKnownFileType = text.plist.xml; path = Info.plist; sourceTree = "<group>"; };
		EB03E3E228521689000B9BE1 /* AirGuardWidgetExtension.entitlements */ = {isa = PBXFileReference; lastKnownFileType = text.plist.entitlements; path = AirGuardWidgetExtension.entitlements; sourceTree = "<group>"; };
		EB03E3E328521771000B9BE1 /* DatabaseHelpers.swift */ = {isa = PBXFileReference; lastKnownFileType = sourcecode.swift; path = DatabaseHelpers.swift; sourceTree = "<group>"; };
		EB03E3E628521859000B9BE1 /* BaseDeviceExtensions.swift */ = {isa = PBXFileReference; lastKnownFileType = sourcecode.swift; path = BaseDeviceExtensions.swift; sourceTree = "<group>"; };
		EB16744828FB4F5D00A97500 /* BluetoothTempData.swift */ = {isa = PBXFileReference; lastKnownFileType = sourcecode.swift; path = BluetoothTempData.swift; sourceTree = "<group>"; };
		EB16744B28FB591400A97500 /* PrecisionFindingView.swift */ = {isa = PBXFileReference; fileEncoding = 4; lastKnownFileType = sourcecode.swift; path = PrecisionFindingView.swift; sourceTree = "<group>"; };
		EB1D95EE28B503AF00EEFF8C /* de */ = {isa = PBXFileReference; lastKnownFileType = text.plist.strings; name = de; path = de.lproj/InfoPlist.strings; sourceTree = "<group>"; };
		EB3865C42844C54300A271AA /* MapView.swift */ = {isa = PBXFileReference; lastKnownFileType = sourcecode.swift; path = MapView.swift; sourceTree = "<group>"; };
		EB3BFB85289D284C001839BF /* EnableObservationView.swift */ = {isa = PBXFileReference; lastKnownFileType = sourcecode.swift; path = EnableObservationView.swift; sourceTree = "<group>"; };
		EB3E70B0287ADC5F00A44FF9 /* TrackerHistoryView.swift */ = {isa = PBXFileReference; lastKnownFileType = sourcecode.swift; path = TrackerHistoryView.swift; sourceTree = "<group>"; };
		EB46DC4528211E8E007B41B7 /* ManualScanningView.swift */ = {isa = PBXFileReference; lastKnownFileType = sourcecode.swift; path = ManualScanningView.swift; sourceTree = "<group>"; };
		EB4BD4C62906ABF60028E569 /* NavigationSubView.swift */ = {isa = PBXFileReference; lastKnownFileType = sourcecode.swift; path = NavigationSubView.swift; sourceTree = "<group>"; };
		EB4BD4C82906AEFC0028E569 /* ManualScanningDeviceList.swift */ = {isa = PBXFileReference; lastKnownFileType = sourcecode.swift; path = ManualScanningDeviceList.swift; sourceTree = "<group>"; };
		EB4D5F31286EE88F003BB891 /* ImageCardView.swift */ = {isa = PBXFileReference; lastKnownFileType = sourcecode.swift; path = ImageCardView.swift; sourceTree = "<group>"; };
		EB4D5F33286EEFCA003BB891 /* CaruselView.swift */ = {isa = PBXFileReference; lastKnownFileType = sourcecode.swift; path = CaruselView.swift; sourceTree = "<group>"; };
		EB4D5F35286EFE18003BB891 /* AppInfoView.swift */ = {isa = PBXFileReference; lastKnownFileType = sourcecode.swift; path = AppInfoView.swift; sourceTree = "<group>"; };
		EB4D5F37286F057E003BB891 /* ArticleView.swift */ = {isa = PBXFileReference; lastKnownFileType = sourcecode.swift; path = ArticleView.swift; sourceTree = "<group>"; };
		EB4D5F39286F0CC0003BB891 /* Article.swift */ = {isa = PBXFileReference; lastKnownFileType = sourcecode.swift; path = Article.swift; sourceTree = "<group>"; };
		EB51A61828291D8300652573 /* DataModel.xcdatamodel */ = {isa = PBXFileReference; lastKnownFileType = wrapper.xcdatamodel; path = DataModel.xcdatamodel; sourceTree = "<group>"; };
		EB51A61E2829214300652573 /* PersistenceController.swift */ = {isa = PBXFileReference; fileEncoding = 4; lastKnownFileType = sourcecode.swift; path = PersistenceController.swift; sourceTree = "<group>"; };
		EB597BD9284CA77000CC55F2 /* PermissionView.swift */ = {isa = PBXFileReference; lastKnownFileType = sourcecode.swift; path = PermissionView.swift; sourceTree = "<group>"; };
		EB597BDB284CA8F300CC55F2 /* NotificationPermissionView.swift */ = {isa = PBXFileReference; lastKnownFileType = sourcecode.swift; path = NotificationPermissionView.swift; sourceTree = "<group>"; };
		EB597BDD284CA9DB00CC55F2 /* LocationPermissionView.swift */ = {isa = PBXFileReference; lastKnownFileType = sourcecode.swift; path = LocationPermissionView.swift; sourceTree = "<group>"; };
		EB597BDF284CABAD00CC55F2 /* StudyOptInView.swift */ = {isa = PBXFileReference; lastKnownFileType = sourcecode.swift; path = StudyOptInView.swift; sourceTree = "<group>"; };
		EB597BE1284CD52A00CC55F2 /* DoneView.swift */ = {isa = PBXFileReference; lastKnownFileType = sourcecode.swift; path = DoneView.swift; sourceTree = "<group>"; };
		EB5F8A702833C0F200ED2CD3 /* SoundManager.swift */ = {isa = PBXFileReference; lastKnownFileType = sourcecode.swift; path = SoundManager.swift; sourceTree = "<group>"; };
		EB5FAE28284E059800D5A20A /* AirTag.swift */ = {isa = PBXFileReference; lastKnownFileType = sourcecode.swift; path = AirTag.swift; sourceTree = "<group>"; };
		EB5FAE2A284E05A500D5A20A /* FindMyDevice.swift */ = {isa = PBXFileReference; lastKnownFileType = sourcecode.swift; path = FindMyDevice.swift; sourceTree = "<group>"; };
		EB5FAE2C284E05AC00D5A20A /* Tile.swift */ = {isa = PBXFileReference; lastKnownFileType = sourcecode.swift; path = Tile.swift; sourceTree = "<group>"; };
		EB5FAE2E284E05B500D5A20A /* SmartTag.swift */ = {isa = PBXFileReference; lastKnownFileType = sourcecode.swift; path = SmartTag.swift; sourceTree = "<group>"; };
		EB5FAE32284E2FB200D5A20A /* TrackerIconView.swift */ = {isa = PBXFileReference; lastKnownFileType = sourcecode.swift; path = TrackerIconView.swift; sourceTree = "<group>"; };
		EB5FAE35284E2FF100D5A20A /* DefaultConstants.swift */ = {isa = PBXFileReference; lastKnownFileType = sourcecode.swift; path = DefaultConstants.swift; sourceTree = "<group>"; };
		EB5FAE38284E40CD00D5A20A /* DisableDevicesView.swift */ = {isa = PBXFileReference; lastKnownFileType = sourcecode.swift; path = DisableDevicesView.swift; sourceTree = "<group>"; };
		EB6186B4282AAA900092280F /* CustomForm.swift */ = {isa = PBXFileReference; lastKnownFileType = sourcecode.swift; path = CustomForm.swift; sourceTree = "<group>"; };
		EB6186B7282AABA70092280F /* CustomLabel.swift */ = {isa = PBXFileReference; lastKnownFileType = sourcecode.swift; path = CustomLabel.swift; sourceTree = "<group>"; };
		EB6186E0282FAFEE0092280F /* AdvertisementDecoder.swift */ = {isa = PBXFileReference; lastKnownFileType = sourcecode.swift; path = AdvertisementDecoder.swift; sourceTree = "<group>"; };
		EB6186E3282FDB4A0092280F /* BaseDevice+CoreDataClass.swift */ = {isa = PBXFileReference; lastKnownFileType = sourcecode.swift; path = "BaseDevice+CoreDataClass.swift"; sourceTree = "<group>"; };
		EB6186E4282FDB4A0092280F /* BaseDevice+CoreDataProperties.swift */ = {isa = PBXFileReference; lastKnownFileType = sourcecode.swift; path = "BaseDevice+CoreDataProperties.swift"; sourceTree = "<group>"; };
		EB6C61C428250351001ABF81 /* RSSIIndicator.swift */ = {isa = PBXFileReference; lastKnownFileType = sourcecode.swift; path = RSSIIndicator.swift; sourceTree = "<group>"; };
		EB76BCC12821776800CD5CC5 /* Constants.swift */ = {isa = PBXFileReference; fileEncoding = 4; lastKnownFileType = sourcecode.swift; path = Constants.swift; sourceTree = "<group>"; };
		EB76BCC72821779700CD5CC5 /* TrackerDetailView.swift */ = {isa = PBXFileReference; fileEncoding = 4; lastKnownFileType = sourcecode.swift; path = TrackerDetailView.swift; sourceTree = "<group>"; };
		EB76BCCA282177F000CD5CC5 /* SecondsString.swift */ = {isa = PBXFileReference; fileEncoding = 4; lastKnownFileType = sourcecode.swift; path = SecondsString.swift; sourceTree = "<group>"; };
		EB76BCCB282177F000CD5CC5 /* RSSIDecoder.swift */ = {isa = PBXFileReference; fileEncoding = 4; lastKnownFileType = sourcecode.swift; path = RSSIDecoder.swift; sourceTree = "<group>"; };
		EB76BCCC282177F000CD5CC5 /* ViewExtensions.swift */ = {isa = PBXFileReference; fileEncoding = 4; lastKnownFileType = sourcecode.swift; path = ViewExtensions.swift; sourceTree = "<group>"; };
		EB76BCD42822979600CD5CC5 /* NotificationManager.swift */ = {isa = PBXFileReference; lastKnownFileType = sourcecode.swift; path = NotificationManager.swift; sourceTree = "<group>"; };
		EB8CB3632832790700BAB10D /* TrackingDetection.swift */ = {isa = PBXFileReference; lastKnownFileType = sourcecode.swift; path = TrackingDetection.swift; sourceTree = "<group>"; };
		EB8CB3652832894A00BAB10D /* SettingsView.swift */ = {isa = PBXFileReference; lastKnownFileType = sourcecode.swift; path = SettingsView.swift; sourceTree = "<group>"; };
		EB8D574128099EAD006B1BB8 /* AirGuardApp.swift */ = {isa = PBXFileReference; lastKnownFileType = sourcecode.swift; path = AirGuardApp.swift; sourceTree = "<group>"; };
		EB8D574228099EAD006B1BB8 /* ContentView.swift */ = {isa = PBXFileReference; lastKnownFileType = sourcecode.swift; path = ContentView.swift; sourceTree = "<group>"; };
		EB8D574328099EB1006B1BB8 /* Assets.xcassets */ = {isa = PBXFileReference; lastKnownFileType = folder.assetcatalog; path = Assets.xcassets; sourceTree = "<group>"; };
		EB8D574828099EB1006B1BB8 /* AirGuard.app */ = {isa = PBXFileReference; explicitFileType = wrapper.application; includeInIndex = 0; path = AirGuard.app; sourceTree = BUILT_PRODUCTS_DIR; };
		EB8D575F2809A045006B1BB8 /* BluetoohManager.swift */ = {isa = PBXFileReference; lastKnownFileType = sourcecode.swift; path = BluetoohManager.swift; sourceTree = "<group>"; };
		EB8D5766280C41A6006B1BB8 /* AirGuard--iOS--Info.plist */ = {isa = PBXFileReference; lastKnownFileType = text.plist; path = "AirGuard--iOS--Info.plist"; sourceTree = "<group>"; };
		EB8D5773280D6539006B1BB8 /* LocationManager.swift */ = {isa = PBXFileReference; lastKnownFileType = sourcecode.swift; path = LocationManager.swift; sourceTree = "<group>"; };
		EB8D5776280D77F0006B1BB8 /* DeviceType.swift */ = {isa = PBXFileReference; lastKnownFileType = sourcecode.swift; path = DeviceType.swift; sourceTree = "<group>"; };
		EB9D4DC528683BDF0039B668 /* RiskDetailView.swift */ = {isa = PBXFileReference; lastKnownFileType = sourcecode.swift; path = RiskDetailView.swift; sourceTree = "<group>"; };
		EBB725B3285CBF5E005EA3E4 /* Date.swift */ = {isa = PBXFileReference; lastKnownFileType = sourcecode.swift; path = Date.swift; sourceTree = "<group>"; };
		EBB725B6285DCDBB005EA3E4 /* DebugSettingsView.swift */ = {isa = PBXFileReference; lastKnownFileType = sourcecode.swift; path = DebugSettingsView.swift; sourceTree = "<group>"; };
		EBB725B8285DE1C6005EA3E4 /* Logger.swift */ = {isa = PBXFileReference; lastKnownFileType = sourcecode.swift; path = Logger.swift; sourceTree = "<group>"; };
		EBB725BD285F6E60005EA3E4 /* DeviceTypeDetection.swift */ = {isa = PBXFileReference; lastKnownFileType = sourcecode.swift; path = DeviceTypeDetection.swift; sourceTree = "<group>"; };
		EBB725C0285F741D005EA3E4 /* BluetoothRequest.swift */ = {isa = PBXFileReference; lastKnownFileType = sourcecode.swift; path = BluetoothRequest.swift; sourceTree = "<group>"; };
		EBB7B299284D288C00AA5ED9 /* LocationAlwaysPermissionView.swift */ = {isa = PBXFileReference; lastKnownFileType = sourcecode.swift; path = LocationAlwaysPermissionView.swift; sourceTree = "<group>"; };
		EBB808B62897FD60004F3F26 /* DetailTopView.swift */ = {isa = PBXFileReference; lastKnownFileType = sourcecode.swift; path = DetailTopView.swift; sourceTree = "<group>"; };
		EBB808B82897FDD1004F3F26 /* DetailMapView.swift */ = {isa = PBXFileReference; lastKnownFileType = sourcecode.swift; path = DetailMapView.swift; sourceTree = "<group>"; };
		EBB808BA2897FE2D004F3F26 /* DetailGeneralView.swift */ = {isa = PBXFileReference; lastKnownFileType = sourcecode.swift; path = DetailGeneralView.swift; sourceTree = "<group>"; };
		EBB808BC2897FFA0004F3F26 /* DetailNotificationsView.swift */ = {isa = PBXFileReference; lastKnownFileType = sourcecode.swift; path = DetailNotificationsView.swift; sourceTree = "<group>"; };
		EBB808BE2898003B004F3F26 /* DetailMoreView.swift */ = {isa = PBXFileReference; lastKnownFileType = sourcecode.swift; path = DetailMoreView.swift; sourceTree = "<group>"; };
		EBB808C0289800F8004F3F26 /* DetailDebugView.swift */ = {isa = PBXFileReference; lastKnownFileType = sourcecode.swift; path = DetailDebugView.swift; sourceTree = "<group>"; };
		EBC286472834E447007AC392 /* TapticControl.swift */ = {isa = PBXFileReference; fileEncoding = 4; lastKnownFileType = sourcecode.swift; path = TapticControl.swift; sourceTree = "<group>"; };
		EBC2864A2834F1AB007AC392 /* BluetoothOffView.swift */ = {isa = PBXFileReference; lastKnownFileType = sourcecode.swift; path = BluetoothOffView.swift; sourceTree = "<group>"; };
		EBC49C002860977B0055FA84 /* BluetoothManagerTimer.swift */ = {isa = PBXFileReference; fileEncoding = 4; lastKnownFileType = sourcecode.swift; path = BluetoothManagerTimer.swift; sourceTree = "<group>"; };
		EBC7CBCC282006C600167E29 /* AirGuard (iOS).entitlements */ = {isa = PBXFileReference; lastKnownFileType = text.plist.entitlements; path = "AirGuard (iOS).entitlements"; sourceTree = "<group>"; };
		EBC7CBCD2820089A00167E29 /* NFCReader.swift */ = {isa = PBXFileReference; lastKnownFileType = sourcecode.swift; path = NFCReader.swift; sourceTree = "<group>"; };
		EBC7CBD02820478600167E29 /* ScanningAnimation.swift */ = {isa = PBXFileReference; lastKnownFileType = sourcecode.swift; path = ScanningAnimation.swift; sourceTree = "<group>"; };
		EBC7CBD6282047BF00167E29 /* Settings.swift */ = {isa = PBXFileReference; lastKnownFileType = sourcecode.swift; path = Settings.swift; sourceTree = "<group>"; };
		EBC7CBD9282047DF00167E29 /* DeviceListEntryView.swift */ = {isa = PBXFileReference; lastKnownFileType = sourcecode.swift; path = DeviceListEntryView.swift; sourceTree = "<group>"; };
		EBD4FF9F28B4D27900B0DE74 /* en */ = {isa = PBXFileReference; lastKnownFileType = text.plist.strings; name = en; path = en.lproj/Localizable.strings; sourceTree = "<group>"; };
		EBD4FFA128B4D30000B0DE74 /* de */ = {isa = PBXFileReference; lastKnownFileType = text.plist.strings; name = de; path = de.lproj/Localizable.strings; sourceTree = "<group>"; };
		EBE6ABB3284B6EE8002958E8 /* AppDelegate+NotificationCenter.swift */ = {isa = PBXFileReference; lastKnownFileType = sourcecode.swift; path = "AppDelegate+NotificationCenter.swift"; sourceTree = "<group>"; };
		EBE6ABB6284C9AE3002958E8 /* IntroductionView.swift */ = {isa = PBXFileReference; fileEncoding = 4; lastKnownFileType = sourcecode.swift; path = IntroductionView.swift; sourceTree = "<group>"; };
		EBE6ABB9284C9B4C002958E8 /* BigButtonView.swift */ = {isa = PBXFileReference; fileEncoding = 4; lastKnownFileType = sourcecode.swift; path = BigButtonView.swift; sourceTree = "<group>"; };
		EBE6ABBB284CA256002958E8 /* BluetoothPermissionView.swift */ = {isa = PBXFileReference; lastKnownFileType = sourcecode.swift; path = BluetoothPermissionView.swift; sourceTree = "<group>"; };
		EBF553C02865C93300872AD7 /* HomeView.swift */ = {isa = PBXFileReference; lastKnownFileType = sourcecode.swift; path = HomeView.swift; sourceTree = "<group>"; };
		EBF553C32865E47300872AD7 /* RiskView.swift */ = {isa = PBXFileReference; lastKnownFileType = sourcecode.swift; path = RiskView.swift; sourceTree = "<group>"; };
		EBF553C52865EA2500872AD7 /* CardView.swift */ = {isa = PBXFileReference; lastKnownFileType = sourcecode.swift; path = CardView.swift; sourceTree = "<group>"; };
/* End PBXFileReference section */

/* Begin PBXFrameworksBuildPhase section */
		78D8427A2982C6A500B13B49 /* Frameworks */ = {
			isa = PBXFrameworksBuildPhase;
			buildActionMask = 2147483647;
			files = (
			);
			runOnlyForDeploymentPostprocessing = 0;
		};
		EB03E3972850DC89000B9BE1 /* Frameworks */ = {
			isa = PBXFrameworksBuildPhase;
			buildActionMask = 2147483647;
			files = (
				EB03E39F2850DC89000B9BE1 /* SwiftUI.framework in Frameworks */,
				EB03E39D2850DC89000B9BE1 /* WidgetKit.framework in Frameworks */,
			);
			runOnlyForDeploymentPostprocessing = 0;
		};
		EB8D574528099EB1006B1BB8 /* Frameworks */ = {
			isa = PBXFrameworksBuildPhase;
			buildActionMask = 2147483647;
			files = (
			);
			runOnlyForDeploymentPostprocessing = 0;
		};
/* End PBXFrameworksBuildPhase section */

/* Begin PBXGroup section */
		78D842722980241400B13B49 /* Statistics */ = {
			isa = PBXGroup;
			children = (
				78D842732980242D00B13B49 /* SendStatisticsController.swift */,
				78D842772980252700B13B49 /* Api.swift */,
				78AFC5E82A126CF00005AB59 /* API_KEYS.swift */,
			);
			path = Statistics;
			sourceTree = "<group>";
		};
		78D8427E2982C6A500B13B49 /* AirGuardTests */ = {
			isa = PBXGroup;
			children = (
				78D8427F2982C6A500B13B49 /* AirGuardApiTests.swift */,
			);
			path = AirGuardTests;
			sourceTree = "<group>";
		};
		EB03E39B2850DC89000B9BE1 /* Frameworks */ = {
			isa = PBXGroup;
			children = (
				EB03E39C2850DC89000B9BE1 /* WidgetKit.framework */,
				EB03E39E2850DC89000B9BE1 /* SwiftUI.framework */,
			);
			name = Frameworks;
			sourceTree = "<group>";
		};
		EB03E3A02850DC89000B9BE1 /* AirGuardWidget */ = {
			isa = PBXGroup;
			children = (
				EB03E3A12850DC89000B9BE1 /* AirGuardWidget.swift */,
				EB03E3A52850DC8B000B9BE1 /* Info.plist */,
			);
			path = AirGuardWidget;
			sourceTree = "<group>";
		};
		EB03E3EA28523D8E000B9BE1 /* SettingsViews */ = {
			isa = PBXGroup;
			children = (
				EB8CB3652832894A00BAB10D /* SettingsView.swift */,
				EB5FAE38284E40CD00D5A20A /* DisableDevicesView.swift */,
				EBB725B6285DCDBB005EA3E4 /* DebugSettingsView.swift */,
				EB4D5F35286EFE18003BB891 /* AppInfoView.swift */,
				EB01019928F5520B004520E9 /* DebugMapView.swift */,
			);
			path = SettingsViews;
			sourceTree = "<group>";
		};
		EB50E4E2290EC4E50097158C /* Custom UI */ = {
			isa = PBXGroup;
			children = (
				EB6186B4282AAA900092280F /* CustomForm.swift */,
				EB6186B7282AABA70092280F /* CustomLabel.swift */,
				EB4BD4C62906ABF60028E569 /* NavigationSubView.swift */,
				EBC2864A2834F1AB007AC392 /* BluetoothOffView.swift */,
			);
			path = "Custom UI";
			sourceTree = "<group>";
		};
		EB51A61628291C3A00652573 /* CoreData */ = {
			isa = PBXGroup;
			children = (
				EB51A61E2829214300652573 /* PersistenceController.swift */,
				EB03E3E328521771000B9BE1 /* DatabaseHelpers.swift */,
				EB51A61728291D8300652573 /* DataModel.xcdatamodeld */,
				EB6186E3282FDB4A0092280F /* BaseDevice+CoreDataClass.swift */,
				EB6186E4282FDB4A0092280F /* BaseDevice+CoreDataProperties.swift */,
				EB03E3E628521859000B9BE1 /* BaseDeviceExtensions.swift */,
			);
			path = CoreData;
			sourceTree = "<group>";
		};
		EB5FAE27284E058500D5A20A /* Device Type Detection */ = {
			isa = PBXGroup;
			children = (
				EB8D5776280D77F0006B1BB8 /* DeviceType.swift */,
				EB5FAE32284E2FB200D5A20A /* TrackerIconView.swift */,
				EB5FAE34284E2FCF00D5A20A /* TrackerConstants */,
			);
			path = "Device Type Detection";
			sourceTree = "<group>";
		};
		EB5FAE34284E2FCF00D5A20A /* TrackerConstants */ = {
			isa = PBXGroup;
			children = (
				EB5FAE35284E2FF100D5A20A /* DefaultConstants.swift */,
				EB5FAE28284E059800D5A20A /* AirTag.swift */,
				EB5FAE2A284E05A500D5A20A /* FindMyDevice.swift */,
				EB5FAE2C284E05AC00D5A20A /* Tile.swift */,
				EB5FAE2E284E05B500D5A20A /* SmartTag.swift */,
				78DF6EA0299A72AD00AFACAB /* ChipoloConstants.swift */,
			);
			path = TrackerConstants;
			sourceTree = "<group>";
		};
		EB5FAE37284E308E00D5A20A /* Models & Type Detection */ = {
			isa = PBXGroup;
			children = (
				EBC7CBD6282047BF00167E29 /* Settings.swift */,
				EB76BCC12821776800CD5CC5 /* Constants.swift */,
				EB5FAE27284E058500D5A20A /* Device Type Detection */,
				EB51A61628291C3A00652573 /* CoreData */,
			);
			path = "Models & Type Detection";
			sourceTree = "<group>";
		};
		EB76BCD3282177FD00CD5CC5 /* Helpers */ = {
			isa = PBXGroup;
			children = (
				EBC7CBCD2820089A00167E29 /* NFCReader.swift */,
				EB76BCCC282177F000CD5CC5 /* ViewExtensions.swift */,
				EBC286472834E447007AC392 /* TapticControl.swift */,
				EB6186E0282FAFEE0092280F /* AdvertisementDecoder.swift */,
				EB037D37283F85CF0018DF60 /* Clock.swift */,
				EB76BCCB282177F000CD5CC5 /* RSSIDecoder.swift */,
				EB76BCCA282177F000CD5CC5 /* SecondsString.swift */,
				EBB725B3285CBF5E005EA3E4 /* Date.swift */,
				EBB725B8285DE1C6005EA3E4 /* Logger.swift */,
				78D84275298024B300B13B49 /* URLSessionExtension.swift */,
			);
			path = Helpers;
			sourceTree = "<group>";
		};
		EB8D573B28099EAD006B1BB8 = {
			isa = PBXGroup;
			children = (
				785C81D829939E5100547D35 /* README.md */,
				EB03E3E228521689000B9BE1 /* AirGuardWidgetExtension.entitlements */,
				EBC7CBCC282006C600167E29 /* AirGuard (iOS).entitlements */,
				EB8D5766280C41A6006B1BB8 /* AirGuard--iOS--Info.plist */,
				EB8D574028099EAD006B1BB8 /* Shared */,
				EB03E3A02850DC89000B9BE1 /* AirGuardWidget */,
				78D8427E2982C6A500B13B49 /* AirGuardTests */,
				EB03E39B2850DC89000B9BE1 /* Frameworks */,
				EB8D574928099EB1006B1BB8 /* Products */,
			);
			sourceTree = "<group>";
		};
		EB8D574028099EAD006B1BB8 /* Shared */ = {
			isa = PBXGroup;
			children = (
				78D842722980241400B13B49 /* Statistics */,
				EBC7CBDC282047FD00167E29 /* Views */,
				EB5FAE37284E308E00D5A20A /* Models & Type Detection */,
				EBC7CBDD2820482700167E29 /* Bluetooth & Tracking */,
				EB76BCD3282177FD00CD5CC5 /* Helpers */,
				EB8D574328099EB1006B1BB8 /* Assets.xcassets */,
				EB1D95ED28B503AD00EEFF8C /* InfoPlist.strings */,
				EBD4FFA028B4D27900B0DE74 /* Localizable.strings */,
			);
			path = Shared;
			sourceTree = "<group>";
		};
		EB8D574928099EB1006B1BB8 /* Products */ = {
			isa = PBXGroup;
			children = (
				EB8D574828099EB1006B1BB8 /* AirGuard.app */,
				EB03E39A2850DC89000B9BE1 /* AirGuardWidgetExtension.appex */,
				78D8427D2982C6A500B13B49 /* AirGuardTests.xctest */,
			);
			name = Products;
			sourceTree = "<group>";
		};
		EB9B9D5E283BBF3000D0E258 /* SheetView */ = {
			isa = PBXGroup;
			children = (
				EB76BCC72821779700CD5CC5 /* TrackerDetailView.swift */,
				EBB808B62897FD60004F3F26 /* DetailTopView.swift */,
				EBB808B82897FDD1004F3F26 /* DetailMapView.swift */,
				EB3865C42844C54300A271AA /* MapView.swift */,
				EBB808BA2897FE2D004F3F26 /* DetailGeneralView.swift */,
				EB16744B28FB591400A97500 /* PrecisionFindingView.swift */,
				EB3BFB85289D284C001839BF /* EnableObservationView.swift */,
				EBB808BC2897FFA0004F3F26 /* DetailNotificationsView.swift */,
				EBB808BE2898003B004F3F26 /* DetailMoreView.swift */,
				EBB808C0289800F8004F3F26 /* DetailDebugView.swift */,
				EB6C61C428250351001ABF81 /* RSSIIndicator.swift */,
			);
			path = SheetView;
			sourceTree = "<group>";
		};
		EB9B9D5F283BBF4900D0E258 /* Manual Scanning */ = {
			isa = PBXGroup;
			children = (
				EB46DC4528211E8E007B41B7 /* ManualScanningView.swift */,
				EBC7CBD9282047DF00167E29 /* DeviceListEntryView.swift */,
				EBC7CBD02820478600167E29 /* ScanningAnimation.swift */,
				EB3E70B0287ADC5F00A44FF9 /* TrackerHistoryView.swift */,
				EB4BD4C82906AEFC0028E569 /* ManualScanningDeviceList.swift */,
			);
			path = "Manual Scanning";
			sourceTree = "<group>";
		};
		EBC7CBDC282047FD00167E29 /* Views */ = {
			isa = PBXGroup;
			children = (
				EB8D574228099EAD006B1BB8 /* ContentView.swift */,
				EB8D574128099EAD006B1BB8 /* AirGuardApp.swift */,
				EB037D3A283F972E0018DF60 /* AppDelegate.swift */,
				EBE6ABB3284B6EE8002958E8 /* AppDelegate+NotificationCenter.swift */,
				788AA49F2988285700DB6EAA /* AppDelegate+Debug.swift */,
				EBF553C22865E46000872AD7 /* Home */,
				EBE6ABB8284C9AEB002958E8 /* Introduction */,
				EB9B9D5F283BBF4900D0E258 /* Manual Scanning */,
				EB9B9D5E283BBF3000D0E258 /* SheetView */,
				EB03E3EA28523D8E000B9BE1 /* SettingsViews */,
				EB50E4E2290EC4E50097158C /* Custom UI */,
			);
			path = Views;
			sourceTree = "<group>";
		};
		EBC7CBDD2820482700167E29 /* Bluetooth & Tracking */ = {
			isa = PBXGroup;
			children = (
				EB8D575F2809A045006B1BB8 /* BluetoohManager.swift */,
				EBC49C002860977B0055FA84 /* BluetoothManagerTimer.swift */,
				EBB725C0285F741D005EA3E4 /* BluetoothRequest.swift */,
				EB16744828FB4F5D00A97500 /* BluetoothTempData.swift */,
				EBB725BD285F6E60005EA3E4 /* DeviceTypeDetection.swift */,
				EB8CB3632832790700BAB10D /* TrackingDetection.swift */,
				EB5F8A702833C0F200ED2CD3 /* SoundManager.swift */,
				EB76BCD42822979600CD5CC5 /* NotificationManager.swift */,
				EB8D5773280D6539006B1BB8 /* LocationManager.swift */,
			);
			path = "Bluetooth & Tracking";
			sourceTree = "<group>";
		};
		EBE6ABB8284C9AEB002958E8 /* Introduction */ = {
			isa = PBXGroup;
			children = (
				EBE6ABB6284C9AE3002958E8 /* IntroductionView.swift */,
				EBE6ABB9284C9B4C002958E8 /* BigButtonView.swift */,
				EB597BD9284CA77000CC55F2 /* PermissionView.swift */,
				EBE6ABBB284CA256002958E8 /* BluetoothPermissionView.swift */,
				EB597BDB284CA8F300CC55F2 /* NotificationPermissionView.swift */,
				EB597BDD284CA9DB00CC55F2 /* LocationPermissionView.swift */,
				EBB7B299284D288C00AA5ED9 /* LocationAlwaysPermissionView.swift */,
				EB597BDF284CABAD00CC55F2 /* StudyOptInView.swift */,
				EB597BE1284CD52A00CC55F2 /* DoneView.swift */,
			);
			path = Introduction;
			sourceTree = "<group>";
		};
		EBF553C22865E46000872AD7 /* Home */ = {
			isa = PBXGroup;
			children = (
				EBF553C02865C93300872AD7 /* HomeView.swift */,
				EBF553C32865E47300872AD7 /* RiskView.swift */,
				EBF553C52865EA2500872AD7 /* CardView.swift */,
				EB9D4DC528683BDF0039B668 /* RiskDetailView.swift */,
				EB4D5F31286EE88F003BB891 /* ImageCardView.swift */,
				EB4D5F33286EEFCA003BB891 /* CaruselView.swift */,
				EB4D5F37286F057E003BB891 /* ArticleView.swift */,
				EB4D5F39286F0CC0003BB891 /* Article.swift */,
			);
			path = Home;
			sourceTree = "<group>";
		};
/* End PBXGroup section */

/* Begin PBXNativeTarget section */
		78D8427C2982C6A500B13B49 /* AirGuardTests */ = {
			isa = PBXNativeTarget;
			buildConfigurationList = 78D842852982C6A500B13B49 /* Build configuration list for PBXNativeTarget "AirGuardTests" */;
			buildPhases = (
				78D842792982C6A500B13B49 /* Sources */,
				78D8427A2982C6A500B13B49 /* Frameworks */,
				78D8427B2982C6A500B13B49 /* Resources */,
			);
			buildRules = (
			);
			dependencies = (
				78D842822982C6A500B13B49 /* PBXTargetDependency */,
			);
			name = AirGuardTests;
			productName = AirGuardTests;
			productReference = 78D8427D2982C6A500B13B49 /* AirGuardTests.xctest */;
			productType = "com.apple.product-type.bundle.unit-test";
		};
		EB03E3992850DC89000B9BE1 /* AirGuardWidgetExtension */ = {
			isa = PBXNativeTarget;
			buildConfigurationList = EB03E3AC2850DC8B000B9BE1 /* Build configuration list for PBXNativeTarget "AirGuardWidgetExtension" */;
			buildPhases = (
				EB03E3962850DC89000B9BE1 /* Sources */,
				EB03E3972850DC89000B9BE1 /* Frameworks */,
				EB03E3982850DC89000B9BE1 /* Resources */,
			);
			buildRules = (
			);
			dependencies = (
			);
			name = AirGuardWidgetExtension;
			productName = AirGuardWidgetExtension;
			productReference = EB03E39A2850DC89000B9BE1 /* AirGuardWidgetExtension.appex */;
			productType = "com.apple.product-type.app-extension";
		};
		EB8D574728099EB1006B1BB8 /* AirGuard (iOS) */ = {
			isa = PBXNativeTarget;
			buildConfigurationList = EB8D575928099EB1006B1BB8 /* Build configuration list for PBXNativeTarget "AirGuard (iOS)" */;
			buildPhases = (
				EB8D574428099EB1006B1BB8 /* Sources */,
				EB8D574528099EB1006B1BB8 /* Frameworks */,
				EB8D574628099EB1006B1BB8 /* Resources */,
			);
			buildRules = (
			);
			dependencies = (
			);
			name = "AirGuard (iOS)";
			productName = "AirGuard (iOS)";
			productReference = EB8D574828099EB1006B1BB8 /* AirGuard.app */;
			productType = "com.apple.product-type.application";
		};
/* End PBXNativeTarget section */

/* Begin PBXProject section */
		EB8D573C28099EAD006B1BB8 /* Project object */ = {
			isa = PBXProject;
			attributes = {
				BuildIndependentTargetsInParallel = 1;
				LastSwiftUpdateCheck = 1420;
				LastUpgradeCheck = 1400;
				TargetAttributes = {
					78D8427C2982C6A500B13B49 = {
						CreatedOnToolsVersion = 14.2;
						TestTargetID = EB8D574728099EB1006B1BB8;
					};
					EB03E3992850DC89000B9BE1 = {
						CreatedOnToolsVersion = 13.4.1;
					};
					EB8D574728099EB1006B1BB8 = {
						CreatedOnToolsVersion = 13.3.1;
					};
				};
			};
			buildConfigurationList = EB8D573F28099EAD006B1BB8 /* Build configuration list for PBXProject "AirGuard" */;
			compatibilityVersion = "Xcode 13.0";
			developmentRegion = en;
			hasScannedForEncodings = 0;
			knownRegions = (
				en,
				Base,
				de,
			);
			mainGroup = EB8D573B28099EAD006B1BB8;
			productRefGroup = EB8D574928099EB1006B1BB8 /* Products */;
			projectDirPath = "";
			projectRoot = "";
			targets = (
				EB8D574728099EB1006B1BB8 /* AirGuard (iOS) */,
				EB03E3992850DC89000B9BE1 /* AirGuardWidgetExtension */,
				78D8427C2982C6A500B13B49 /* AirGuardTests */,
			);
		};
/* End PBXProject section */

/* Begin PBXResourcesBuildPhase section */
		78D8427B2982C6A500B13B49 /* Resources */ = {
			isa = PBXResourcesBuildPhase;
			buildActionMask = 2147483647;
			files = (
			);
			runOnlyForDeploymentPostprocessing = 0;
		};
		EB03E3982850DC89000B9BE1 /* Resources */ = {
			isa = PBXResourcesBuildPhase;
			buildActionMask = 2147483647;
			files = (
				EB4A4AC22854AB9600DBCB58 /* Assets.xcassets in Resources */,
				EB1D95EB28B503AD00EEFF8C /* InfoPlist.strings in Resources */,
				EBD4FF9E28B4D27900B0DE74 /* Localizable.strings in Resources */,
			);
			runOnlyForDeploymentPostprocessing = 0;
		};
		EB8D574628099EB1006B1BB8 /* Resources */ = {
			isa = PBXResourcesBuildPhase;
			buildActionMask = 2147483647;
			files = (
				EB8D575528099EB1006B1BB8 /* Assets.xcassets in Resources */,
				EB1D95EA28B503AD00EEFF8C /* InfoPlist.strings in Resources */,
				EBD4FF9D28B4D27900B0DE74 /* Localizable.strings in Resources */,
			);
			runOnlyForDeploymentPostprocessing = 0;
		};
/* End PBXResourcesBuildPhase section */

/* Begin PBXSourcesBuildPhase section */
		78D842792982C6A500B13B49 /* Sources */ = {
			isa = PBXSourcesBuildPhase;
			buildActionMask = 2147483647;
			files = (
				78D842802982C6A500B13B49 /* AirGuardApiTests.swift in Sources */,
			);
			runOnlyForDeploymentPostprocessing = 0;
		};
		EB03E3962850DC89000B9BE1 /* Sources */ = {
			isa = PBXSourcesBuildPhase;
			buildActionMask = 2147483647;
			files = (
				EBD84F7928527E4F005D3661 /* Tile.swift in Sources */,
				EB03E3C82852142E000B9BE1 /* BaseDevice+CoreDataProperties.swift in Sources */,
				EBD84F7428527E4F005D3661 /* BluetoohManager.swift in Sources */,
				EBC49C022860977B0055FA84 /* BluetoothManagerTimer.swift in Sources */,
				EBD84F7228527E4F005D3661 /* AirTag.swift in Sources */,
				EBD84F6F28527E4F005D3661 /* BaseDeviceExtensions.swift in Sources */,
				EBB725BF285F6E60005EA3E4 /* DeviceTypeDetection.swift in Sources */,
				EBB725BA285DE5BF005EA3E4 /* Logger.swift in Sources */,
				EBD84F7728527E4F005D3661 /* RSSIDecoder.swift in Sources */,
				EB03E3C72852142B000B9BE1 /* BaseDevice+CoreDataClass.swift in Sources */,
				EBD84F7528527E4F005D3661 /* NotificationManager.swift in Sources */,
				EBD84F7C28527E4F005D3661 /* DeviceType.swift in Sources */,
				EBD84F7328527E4F005D3661 /* TrackerIconView.swift in Sources */,
				EBD84F7A28527E4F005D3661 /* TapticControl.swift in Sources */,
				EB16744D28FB591400A97500 /* PrecisionFindingView.swift in Sources */,
				EBD84F7B28527E4F005D3661 /* AdvertisementDecoder.swift in Sources */,
				EBD84F8328527EED005D3661 /* ViewExtensions.swift in Sources */,
				EB03E3C628521424000B9BE1 /* DataModel.xcdatamodeld in Sources */,
				EBD84F8128527E4F005D3661 /* SoundManager.swift in Sources */,
				EBD84F7828527E4F005D3661 /* Settings.swift in Sources */,
				EBD84F7D28527E4F005D3661 /* DatabaseHelpers.swift in Sources */,
				EBB725C2285F741D005EA3E4 /* BluetoothRequest.swift in Sources */,
				EBD84F7028527E4F005D3661 /* SmartTag.swift in Sources */,
				EBD84F7628527E4F005D3661 /* LocationManager.swift in Sources */,
				EBD84F7F28527E4F005D3661 /* TrackingDetection.swift in Sources */,
				EB16744A28FB4F5D00A97500 /* BluetoothTempData.swift in Sources */,
				EBD84F8228527ECA005D3661 /* SecondsString.swift in Sources */,
				78DF6EA2299A72AD00AFACAB /* ChipoloConstants.swift in Sources */,
				EBD84F8028527E4F005D3661 /* DefaultConstants.swift in Sources */,
				EBB725B5285CC0C8005EA3E4 /* Date.swift in Sources */,
				EB03E3A22850DC89000B9BE1 /* AirGuardWidget.swift in Sources */,
				EB03E3C528521408000B9BE1 /* PersistenceController.swift in Sources */,
				EBD84F7E28527E4F005D3661 /* FindMyDevice.swift in Sources */,
				EB03E3E92852190B000B9BE1 /* Constants.swift in Sources */,
			);
			runOnlyForDeploymentPostprocessing = 0;
		};
		EB8D574428099EB1006B1BB8 /* Sources */ = {
			isa = PBXSourcesBuildPhase;
			buildActionMask = 2147483647;
			files = (
				EB01019A28F5520B004520E9 /* DebugMapView.swift in Sources */,
				EB6186E5282FDB4A0092280F /* BaseDevice+CoreDataClass.swift in Sources */,
				EB5FAE36284E2FF100D5A20A /* DefaultConstants.swift in Sources */,
				EB4D5F3A286F0CC0003BB891 /* Article.swift in Sources */,
				EBB725BE285F6E60005EA3E4 /* DeviceTypeDetection.swift in Sources */,
				EBB7B29A284D288C00AA5ED9 /* LocationAlwaysPermissionView.swift in Sources */,
				788AA4A02988285700DB6EAA /* AppDelegate+Debug.swift in Sources */,
				EB8D575328099EB1006B1BB8 /* ContentView.swift in Sources */,
				EB5FAE2D284E05AC00D5A20A /* Tile.swift in Sources */,
				EBB725B9285DE1C6005EA3E4 /* Logger.swift in Sources */,
				EB5FAE39284E40CD00D5A20A /* DisableDevicesView.swift in Sources */,
				EBB725C1285F741D005EA3E4 /* BluetoothRequest.swift in Sources */,
				EB4D5F36286EFE18003BB891 /* AppInfoView.swift in Sources */,
				EB597BE2284CD52A00CC55F2 /* DoneView.swift in Sources */,
				EBF553C12865C93300872AD7 /* HomeView.swift in Sources */,
				EB76BCD52822979600CD5CC5 /* NotificationManager.swift in Sources */,
				EBB725B7285DCDBB005EA3E4 /* DebugSettingsView.swift in Sources */,
				EBE6ABBA284C9B4C002958E8 /* BigButtonView.swift in Sources */,
				EBC286482834E448007AC392 /* TapticControl.swift in Sources */,
				EB76BCC82821779700CD5CC5 /* TrackerDetailView.swift in Sources */,
				EB8D5777280D77F1006B1BB8 /* DeviceType.swift in Sources */,
				EB5FAE2F284E05B500D5A20A /* SmartTag.swift in Sources */,
				EB3865C52844C54300A271AA /* MapView.swift in Sources */,
				EB5F8A712833C0F200ED2CD3 /* SoundManager.swift in Sources */,
				EB597BE0284CABAD00CC55F2 /* StudyOptInView.swift in Sources */,
				EBC49C012860977B0055FA84 /* BluetoothManagerTimer.swift in Sources */,
				EBB808B72897FD60004F3F26 /* DetailTopView.swift in Sources */,
				EB16744928FB4F5D00A97500 /* BluetoothTempData.swift in Sources */,
				EB4D5F34286EEFCA003BB891 /* CaruselView.swift in Sources */,
				EB76BCCD282177F000CD5CC5 /* SecondsString.swift in Sources */,
				EBE6ABBC284CA256002958E8 /* BluetoothPermissionView.swift in Sources */,
				EBB808BD2897FFA0004F3F26 /* DetailNotificationsView.swift in Sources */,
				EB76BCCF282177F000CD5CC5 /* RSSIDecoder.swift in Sources */,
				EB03E3E728521859000B9BE1 /* BaseDeviceExtensions.swift in Sources */,
				EB6186B8282AABA70092280F /* CustomLabel.swift in Sources */,
				EB5FAE2B284E05A500D5A20A /* FindMyDevice.swift in Sources */,
				EB3E70B1287ADC5F00A44FF9 /* TrackerHistoryView.swift in Sources */,
				EBF553C62865EA2500872AD7 /* CardView.swift in Sources */,
				EBC7CBCE2820089A00167E29 /* NFCReader.swift in Sources */,
				EBB808BB2897FE2D004F3F26 /* DetailGeneralView.swift in Sources */,
				EBC2864B2834F1AB007AC392 /* BluetoothOffView.swift in Sources */,
				EB4D5F32286EE88F003BB891 /* ImageCardView.swift in Sources */,
				EB6186E7282FDB4B0092280F /* BaseDevice+CoreDataProperties.swift in Sources */,
				EB8D57602809A045006B1BB8 /* BluetoohManager.swift in Sources */,
				EB8D5774280D6539006B1BB8 /* LocationManager.swift in Sources */,
				78DF6EA1299A72AD00AFACAB /* ChipoloConstants.swift in Sources */,
				EB4D5F38286F057E003BB891 /* ArticleView.swift in Sources */,
				EB76BCC22821776800CD5CC5 /* Constants.swift in Sources */,
				EBC7CBDA282047DF00167E29 /* DeviceListEntryView.swift in Sources */,
				EB597BDE284CA9DB00CC55F2 /* LocationPermissionView.swift in Sources */,
				EB6C61C528250351001ABF81 /* RSSIIndicator.swift in Sources */,
				EB76BCD1282177F000CD5CC5 /* ViewExtensions.swift in Sources */,
				78D842782980252700B13B49 /* Api.swift in Sources */,
				EB03E3E428521771000B9BE1 /* DatabaseHelpers.swift in Sources */,
				EBE6ABB4284B6EE8002958E8 /* AppDelegate+NotificationCenter.swift in Sources */,
				EB037D3B283F972E0018DF60 /* AppDelegate.swift in Sources */,
				EB037D38283F85CF0018DF60 /* Clock.swift in Sources */,
				EB51A61F2829214300652573 /* PersistenceController.swift in Sources */,
				EBF553C42865E47300872AD7 /* RiskView.swift in Sources */,
				EB4BD4C92906AEFC0028E569 /* ManualScanningDeviceList.swift in Sources */,
				EB51A61928291D8300652573 /* DataModel.xcdatamodeld in Sources */,
				EBC7CBD7282047BF00167E29 /* Settings.swift in Sources */,
				78D84276298024B300B13B49 /* URLSessionExtension.swift in Sources */,
				EB6186E1282FAFEE0092280F /* AdvertisementDecoder.swift in Sources */,
				EB5FAE33284E2FB200D5A20A /* TrackerIconView.swift in Sources */,
				EBB808B92897FDD1004F3F26 /* DetailMapView.swift in Sources */,
				EB8CB3662832894A00BAB10D /* SettingsView.swift in Sources */,
				EB3BFB86289D284C001839BF /* EnableObservationView.swift in Sources */,
				78AFC5E92A126CF00005AB59 /* API_KEYS.swift in Sources */,
				EB8D575128099EB1006B1BB8 /* AirGuardApp.swift in Sources */,
				EB6186B5282AAA900092280F /* CustomForm.swift in Sources */,
				78D842742980242D00B13B49 /* SendStatisticsController.swift in Sources */,
				EB9D4DC628683BDF0039B668 /* RiskDetailView.swift in Sources */,
				EBB808C1289800F8004F3F26 /* DetailDebugView.swift in Sources */,
				EB4BD4C72906ABF60028E569 /* NavigationSubView.swift in Sources */,
				EB46DC4628211E8E007B41B7 /* ManualScanningView.swift in Sources */,
				EB597BDA284CA77000CC55F2 /* PermissionView.swift in Sources */,
				EB8CB3642832790700BAB10D /* TrackingDetection.swift in Sources */,
				EB5FAE29284E059800D5A20A /* AirTag.swift in Sources */,
				EBB808BF2898003B004F3F26 /* DetailMoreView.swift in Sources */,
				EBB725B4285CBF5E005EA3E4 /* Date.swift in Sources */,
				EBE6ABB7284C9AE3002958E8 /* IntroductionView.swift in Sources */,
				EB597BDC284CA8F300CC55F2 /* NotificationPermissionView.swift in Sources */,
				EBC7CBD12820478600167E29 /* ScanningAnimation.swift in Sources */,
				EB16744C28FB591400A97500 /* PrecisionFindingView.swift in Sources */,
			);
			runOnlyForDeploymentPostprocessing = 0;
		};
/* End PBXSourcesBuildPhase section */

/* Begin PBXTargetDependency section */
		78D842822982C6A500B13B49 /* PBXTargetDependency */ = {
			isa = PBXTargetDependency;
			target = EB8D574728099EB1006B1BB8 /* AirGuard (iOS) */;
			targetProxy = 78D842812982C6A500B13B49 /* PBXContainerItemProxy */;
		};
/* End PBXTargetDependency section */

/* Begin PBXVariantGroup section */
		EB1D95ED28B503AD00EEFF8C /* InfoPlist.strings */ = {
			isa = PBXVariantGroup;
			children = (
				EB1D95EE28B503AF00EEFF8C /* de */,
			);
			name = InfoPlist.strings;
			sourceTree = "<group>";
		};
		EBD4FFA028B4D27900B0DE74 /* Localizable.strings */ = {
			isa = PBXVariantGroup;
			children = (
				EBD4FF9F28B4D27900B0DE74 /* en */,
				EBD4FFA128B4D30000B0DE74 /* de */,
			);
			name = Localizable.strings;
			sourceTree = "<group>";
		};
/* End PBXVariantGroup section */

/* Begin XCBuildConfiguration section */
		78D842832982C6A500B13B49 /* Debug */ = {
			isa = XCBuildConfiguration;
			buildSettings = {
				BUNDLE_LOADER = "$(TEST_HOST)";
				CLANG_CXX_LANGUAGE_STANDARD = "gnu++20";
				CODE_SIGN_STYLE = Automatic;
				CURRENT_PROJECT_VERSION = 1;
				DEVELOPMENT_TEAM = K2B79VWGA3;
				GENERATE_INFOPLIST_FILE = YES;
				IPHONEOS_DEPLOYMENT_TARGET = 16.2;
				MARKETING_VERSION = 1.0;
				PRODUCT_BUNDLE_IDENTIFIER = de.heinrich.alexander.AirGuardTests;
				PRODUCT_NAME = "$(TARGET_NAME)";
				SDKROOT = iphoneos;
				SWIFT_EMIT_LOC_STRINGS = NO;
				SWIFT_VERSION = 5.0;
				TARGETED_DEVICE_FAMILY = "1,2";
				TEST_HOST = "$(BUILT_PRODUCTS_DIR)/AirGuard.app/$(BUNDLE_EXECUTABLE_FOLDER_PATH)/AirGuard";
			};
			name = Debug;
		};
		78D842842982C6A500B13B49 /* Release */ = {
			isa = XCBuildConfiguration;
			buildSettings = {
				BUNDLE_LOADER = "$(TEST_HOST)";
				CLANG_CXX_LANGUAGE_STANDARD = "gnu++20";
				CODE_SIGN_STYLE = Automatic;
				CURRENT_PROJECT_VERSION = 1;
				DEVELOPMENT_TEAM = K2B79VWGA3;
				GENERATE_INFOPLIST_FILE = YES;
				IPHONEOS_DEPLOYMENT_TARGET = 16.2;
				MARKETING_VERSION = 1.0;
				PRODUCT_BUNDLE_IDENTIFIER = de.heinrich.alexander.AirGuardTests;
				PRODUCT_NAME = "$(TARGET_NAME)";
				SDKROOT = iphoneos;
				SWIFT_EMIT_LOC_STRINGS = NO;
				SWIFT_VERSION = 5.0;
				TARGETED_DEVICE_FAMILY = "1,2";
				TEST_HOST = "$(BUILT_PRODUCTS_DIR)/AirGuard.app/$(BUNDLE_EXECUTABLE_FOLDER_PATH)/AirGuard";
				VALIDATE_PRODUCT = YES;
			};
			name = Release;
		};
		EB03E3AA2850DC8B000B9BE1 /* Debug */ = {
			isa = XCBuildConfiguration;
			buildSettings = {
				ASSETCATALOG_COMPILER_GLOBAL_ACCENT_COLOR_NAME = AccentColor;
				ASSETCATALOG_COMPILER_WIDGET_BACKGROUND_COLOR_NAME = WidgetBackground;
				CODE_SIGN_ENTITLEMENTS = AirGuardWidgetExtension.entitlements;
				CODE_SIGN_STYLE = Automatic;
				CURRENT_PROJECT_VERSION = 1;
				DEVELOPMENT_TEAM = 92SDAWLN76;
				GENERATE_INFOPLIST_FILE = YES;
				INFOPLIST_FILE = AirGuardWidget/Info.plist;
				INFOPLIST_KEY_CFBundleDisplayName = AirGuardWidget;
				INFOPLIST_KEY_NSHumanReadableCopyright = "";
				INFOPLIST_KEY_UISupportedInterfaceOrientations_iPhone = UIInterfaceOrientationPortrait;
				IPHONEOS_DEPLOYMENT_TARGET = 14.0;
				LD_RUNPATH_SEARCH_PATHS = (
					"$(inherited)",
					"@executable_path/Frameworks",
					"@executable_path/../../Frameworks",
				);
				MARKETING_VERSION = 1.0.1;
				PRODUCT_BUNDLE_IDENTIFIER = com.leonboettger.AirGuard.widget;
				PRODUCT_NAME = "$(TARGET_NAME)";
				SDKROOT = iphoneos;
				SKIP_INSTALL = YES;
				"SWIFT_ACTIVE_COMPILATION_CONDITIONS[arch=*]" = BUILDING_FOR_APP_EXTENSION;
				SWIFT_EMIT_LOC_STRINGS = YES;
				SWIFT_VERSION = 5.0;
				TARGETED_DEVICE_FAMILY = "1,2";
			};
			name = Debug;
		};
		EB03E3AB2850DC8B000B9BE1 /* Release */ = {
			isa = XCBuildConfiguration;
			buildSettings = {
				ASSETCATALOG_COMPILER_GLOBAL_ACCENT_COLOR_NAME = AccentColor;
				ASSETCATALOG_COMPILER_WIDGET_BACKGROUND_COLOR_NAME = WidgetBackground;
				CODE_SIGN_ENTITLEMENTS = AirGuardWidgetExtension.entitlements;
				CODE_SIGN_STYLE = Automatic;
				CURRENT_PROJECT_VERSION = 1;
				DEVELOPMENT_TEAM = 92SDAWLN76;
				GENERATE_INFOPLIST_FILE = YES;
				INFOPLIST_FILE = AirGuardWidget/Info.plist;
				INFOPLIST_KEY_CFBundleDisplayName = AirGuardWidget;
				INFOPLIST_KEY_NSHumanReadableCopyright = "";
				INFOPLIST_KEY_UISupportedInterfaceOrientations_iPhone = UIInterfaceOrientationPortrait;
				IPHONEOS_DEPLOYMENT_TARGET = 14.0;
				LD_RUNPATH_SEARCH_PATHS = (
					"$(inherited)",
					"@executable_path/Frameworks",
					"@executable_path/../../Frameworks",
				);
				MARKETING_VERSION = 1.0.1;
				PRODUCT_BUNDLE_IDENTIFIER = com.leonboettger.AirGuard.widget;
				PRODUCT_NAME = "$(TARGET_NAME)";
				SDKROOT = iphoneos;
				SKIP_INSTALL = YES;
				"SWIFT_ACTIVE_COMPILATION_CONDITIONS[arch=*]" = BUILDING_FOR_APP_EXTENSION;
				SWIFT_EMIT_LOC_STRINGS = YES;
				SWIFT_VERSION = 5.0;
				TARGETED_DEVICE_FAMILY = "1,2";
				VALIDATE_PRODUCT = YES;
			};
			name = Release;
		};
		EB8D575728099EB1006B1BB8 /* Debug */ = {
			isa = XCBuildConfiguration;
			buildSettings = {
				ALWAYS_SEARCH_USER_PATHS = NO;
				CLANG_ANALYZER_LOCALIZABILITY_NONLOCALIZED = YES;
				CLANG_ANALYZER_NONNULL = YES;
				CLANG_ANALYZER_NUMBER_OBJECT_CONVERSION = YES_AGGRESSIVE;
				CLANG_CXX_LANGUAGE_STANDARD = "gnu++17";
				CLANG_ENABLE_MODULES = YES;
				CLANG_ENABLE_OBJC_ARC = YES;
				CLANG_ENABLE_OBJC_WEAK = YES;
				CLANG_WARN_BLOCK_CAPTURE_AUTORELEASING = YES;
				CLANG_WARN_BOOL_CONVERSION = YES;
				CLANG_WARN_COMMA = YES;
				CLANG_WARN_CONSTANT_CONVERSION = YES;
				CLANG_WARN_DEPRECATED_OBJC_IMPLEMENTATIONS = YES;
				CLANG_WARN_DIRECT_OBJC_ISA_USAGE = YES_ERROR;
				CLANG_WARN_DOCUMENTATION_COMMENTS = YES;
				CLANG_WARN_EMPTY_BODY = YES;
				CLANG_WARN_ENUM_CONVERSION = YES;
				CLANG_WARN_INFINITE_RECURSION = YES;
				CLANG_WARN_INT_CONVERSION = YES;
				CLANG_WARN_NON_LITERAL_NULL_CONVERSION = YES;
				CLANG_WARN_OBJC_IMPLICIT_RETAIN_SELF = YES;
				CLANG_WARN_OBJC_LITERAL_CONVERSION = YES;
				CLANG_WARN_OBJC_ROOT_CLASS = YES_ERROR;
				CLANG_WARN_QUOTED_INCLUDE_IN_FRAMEWORK_HEADER = YES;
				CLANG_WARN_RANGE_LOOP_ANALYSIS = YES;
				CLANG_WARN_STRICT_PROTOTYPES = YES;
				CLANG_WARN_SUSPICIOUS_MOVE = YES;
				CLANG_WARN_UNGUARDED_AVAILABILITY = YES_AGGRESSIVE;
				CLANG_WARN_UNREACHABLE_CODE = YES;
				CLANG_WARN__DUPLICATE_METHOD_MATCH = YES;
				COPY_PHASE_STRIP = NO;
				DEAD_CODE_STRIPPING = YES;
				DEBUG_INFORMATION_FORMAT = dwarf;
				ENABLE_STRICT_OBJC_MSGSEND = YES;
				ENABLE_TESTABILITY = YES;
				GCC_C_LANGUAGE_STANDARD = gnu11;
				GCC_DYNAMIC_NO_PIC = NO;
				GCC_NO_COMMON_BLOCKS = YES;
				GCC_OPTIMIZATION_LEVEL = 0;
				GCC_PREPROCESSOR_DEFINITIONS = (
					"DEBUG=1",
					"$(inherited)",
				);
				GCC_WARN_64_TO_32_BIT_CONVERSION = YES;
				GCC_WARN_ABOUT_RETURN_TYPE = YES_ERROR;
				GCC_WARN_UNDECLARED_SELECTOR = YES;
				GCC_WARN_UNINITIALIZED_AUTOS = YES_AGGRESSIVE;
				GCC_WARN_UNUSED_FUNCTION = YES;
				GCC_WARN_UNUSED_VARIABLE = YES;
				MTL_ENABLE_DEBUG_INFO = INCLUDE_SOURCE;
				MTL_FAST_MATH = YES;
				ONLY_ACTIVE_ARCH = YES;
				SWIFT_ACTIVE_COMPILATION_CONDITIONS = DEBUG;
				SWIFT_OPTIMIZATION_LEVEL = "-Onone";
			};
			name = Debug;
		};
		EB8D575828099EB1006B1BB8 /* Release */ = {
			isa = XCBuildConfiguration;
			buildSettings = {
				ALWAYS_SEARCH_USER_PATHS = NO;
				CLANG_ANALYZER_LOCALIZABILITY_NONLOCALIZED = YES;
				CLANG_ANALYZER_NONNULL = YES;
				CLANG_ANALYZER_NUMBER_OBJECT_CONVERSION = YES_AGGRESSIVE;
				CLANG_CXX_LANGUAGE_STANDARD = "gnu++17";
				CLANG_ENABLE_MODULES = YES;
				CLANG_ENABLE_OBJC_ARC = YES;
				CLANG_ENABLE_OBJC_WEAK = YES;
				CLANG_WARN_BLOCK_CAPTURE_AUTORELEASING = YES;
				CLANG_WARN_BOOL_CONVERSION = YES;
				CLANG_WARN_COMMA = YES;
				CLANG_WARN_CONSTANT_CONVERSION = YES;
				CLANG_WARN_DEPRECATED_OBJC_IMPLEMENTATIONS = YES;
				CLANG_WARN_DIRECT_OBJC_ISA_USAGE = YES_ERROR;
				CLANG_WARN_DOCUMENTATION_COMMENTS = YES;
				CLANG_WARN_EMPTY_BODY = YES;
				CLANG_WARN_ENUM_CONVERSION = YES;
				CLANG_WARN_INFINITE_RECURSION = YES;
				CLANG_WARN_INT_CONVERSION = YES;
				CLANG_WARN_NON_LITERAL_NULL_CONVERSION = YES;
				CLANG_WARN_OBJC_IMPLICIT_RETAIN_SELF = YES;
				CLANG_WARN_OBJC_LITERAL_CONVERSION = YES;
				CLANG_WARN_OBJC_ROOT_CLASS = YES_ERROR;
				CLANG_WARN_QUOTED_INCLUDE_IN_FRAMEWORK_HEADER = YES;
				CLANG_WARN_RANGE_LOOP_ANALYSIS = YES;
				CLANG_WARN_STRICT_PROTOTYPES = YES;
				CLANG_WARN_SUSPICIOUS_MOVE = YES;
				CLANG_WARN_UNGUARDED_AVAILABILITY = YES_AGGRESSIVE;
				CLANG_WARN_UNREACHABLE_CODE = YES;
				CLANG_WARN__DUPLICATE_METHOD_MATCH = YES;
				COPY_PHASE_STRIP = NO;
				DEAD_CODE_STRIPPING = YES;
				DEBUG_INFORMATION_FORMAT = "dwarf-with-dsym";
				ENABLE_NS_ASSERTIONS = NO;
				ENABLE_STRICT_OBJC_MSGSEND = YES;
				GCC_C_LANGUAGE_STANDARD = gnu11;
				GCC_NO_COMMON_BLOCKS = YES;
				GCC_WARN_64_TO_32_BIT_CONVERSION = YES;
				GCC_WARN_ABOUT_RETURN_TYPE = YES_ERROR;
				GCC_WARN_UNDECLARED_SELECTOR = YES;
				GCC_WARN_UNINITIALIZED_AUTOS = YES_AGGRESSIVE;
				GCC_WARN_UNUSED_FUNCTION = YES;
				GCC_WARN_UNUSED_VARIABLE = YES;
				MTL_ENABLE_DEBUG_INFO = NO;
				MTL_FAST_MATH = YES;
				SWIFT_COMPILATION_MODE = wholemodule;
				SWIFT_OPTIMIZATION_LEVEL = "-O";
			};
			name = Release;
		};
		EB8D575A28099EB1006B1BB8 /* Debug */ = {
			isa = XCBuildConfiguration;
			buildSettings = {
				ASSETCATALOG_COMPILER_APPICON_NAME = AppIcon;
				ASSETCATALOG_COMPILER_GLOBAL_ACCENT_COLOR_NAME = AccentColor;
				CLANG_ANALYZER_GCD_PERFORMANCE = YES;
				CLANG_TIDY_BUGPRONE_REDUNDANT_BRANCH_CONDITION = YES;
				CLANG_TIDY_MISC_REDUNDANT_EXPRESSION = YES;
				CODE_SIGN_ENTITLEMENTS = "AirGuard (iOS).entitlements";
				CODE_SIGN_STYLE = Automatic;
				CURRENT_PROJECT_VERSION = 1;
				DEVELOPMENT_TEAM = K2B79VWGA3;
				ENABLE_PREVIEWS = YES;
				GENERATE_INFOPLIST_FILE = YES;
				INFOPLIST_FILE = "AirGuard--iOS--Info.plist";
				INFOPLIST_KEY_LSApplicationCategoryType = "public.app-category.utilities";
				INFOPLIST_KEY_NFCReaderUsageDescription = "We need access to NFC to scan the NFC chip build into some trackers.";
				INFOPLIST_KEY_NSBluetoothAlwaysUsageDescription = "To scan for trackers, you need to allow access to Bluetooh.";
				INFOPLIST_KEY_NSLocationAlwaysAndWhenInUseUsageDescription = "Please choose \"Always\" for enhanced background tracking.";
				INFOPLIST_KEY_NSLocationAlwaysUsageDescription = "Please choose \"Always\" for enhanced background tracking.";
				INFOPLIST_KEY_NSLocationWhenInUseUsageDescription = "Please select \"Allow While Using App\" for enhanced tracking.";
				INFOPLIST_KEY_UILaunchScreen_Generation = YES;
				INFOPLIST_KEY_UISupportedInterfaceOrientations = UIInterfaceOrientationPortrait;
				INFOPLIST_KEY_UISupportedInterfaceOrientations_iPad = "UIInterfaceOrientationPortrait UIInterfaceOrientationPortraitUpsideDown UIInterfaceOrientationLandscapeLeft UIInterfaceOrientationLandscapeRight";
				INFOPLIST_KEY_UISupportedInterfaceOrientations_iPhone = UIInterfaceOrientationPortrait;
				IPHONEOS_DEPLOYMENT_TARGET = 14.0;
				LD_RUNPATH_SEARCH_PATHS = (
					"$(inherited)",
					"@executable_path/Frameworks",
				);
				MARKETING_VERSION = 1.0.1;
				PRODUCT_BUNDLE_IDENTIFIER = "de.tu-darmstadt.seemoo.airguard";
				PRODUCT_NAME = AirGuard;
				SDKROOT = iphoneos;
				SUPPORTED_PLATFORMS = "iphoneos iphonesimulator";
				SUPPORTS_MACCATALYST = NO;
				SUPPORTS_MAC_DESIGNED_FOR_IPHONE_IPAD = NO;
				SWIFT_EMIT_LOC_STRINGS = YES;
				SWIFT_VERSION = 5.0;
				TARGETED_DEVICE_FAMILY = "1,2";
			};
			name = Debug;
		};
		EB8D575B28099EB1006B1BB8 /* Release */ = {
			isa = XCBuildConfiguration;
			buildSettings = {
				ASSETCATALOG_COMPILER_APPICON_NAME = AppIcon;
				ASSETCATALOG_COMPILER_GLOBAL_ACCENT_COLOR_NAME = AccentColor;
				CLANG_ANALYZER_GCD_PERFORMANCE = YES;
				CLANG_TIDY_BUGPRONE_REDUNDANT_BRANCH_CONDITION = YES;
				CLANG_TIDY_MISC_REDUNDANT_EXPRESSION = YES;
				CODE_SIGN_ENTITLEMENTS = "AirGuard (iOS).entitlements";
				CODE_SIGN_STYLE = Automatic;
				CURRENT_PROJECT_VERSION = 1;
				DEVELOPMENT_TEAM = K2B79VWGA3;
				ENABLE_PREVIEWS = YES;
				GENERATE_INFOPLIST_FILE = YES;
				INFOPLIST_FILE = "AirGuard--iOS--Info.plist";
				INFOPLIST_KEY_LSApplicationCategoryType = "public.app-category.utilities";
				INFOPLIST_KEY_NFCReaderUsageDescription = "We need access to NFC to scan the NFC chip build into some trackers.";
				INFOPLIST_KEY_NSBluetoothAlwaysUsageDescription = "To scan for trackers, you need to allow access to Bluetooh.";
				INFOPLIST_KEY_NSLocationAlwaysAndWhenInUseUsageDescription = "Please choose \"Always\" for enhanced background tracking.";
				INFOPLIST_KEY_NSLocationAlwaysUsageDescription = "Please choose \"Always\" for enhanced background tracking.";
				INFOPLIST_KEY_NSLocationWhenInUseUsageDescription = "Please select \"Allow While Using App\" for enhanced tracking.";
				INFOPLIST_KEY_UILaunchScreen_Generation = YES;
				INFOPLIST_KEY_UISupportedInterfaceOrientations = UIInterfaceOrientationPortrait;
				INFOPLIST_KEY_UISupportedInterfaceOrientations_iPad = "UIInterfaceOrientationPortrait UIInterfaceOrientationPortraitUpsideDown UIInterfaceOrientationLandscapeLeft UIInterfaceOrientationLandscapeRight";
				INFOPLIST_KEY_UISupportedInterfaceOrientations_iPhone = UIInterfaceOrientationPortrait;
				IPHONEOS_DEPLOYMENT_TARGET = 14.0;
				LD_RUNPATH_SEARCH_PATHS = (
					"$(inherited)",
					"@executable_path/Frameworks",
				);
				MARKETING_VERSION = 1.0.1;
				PRODUCT_BUNDLE_IDENTIFIER = "de.tu-darmstadt.seemoo.airguard";
				PRODUCT_NAME = AirGuard;
				SDKROOT = iphoneos;
				SUPPORTED_PLATFORMS = "iphoneos iphonesimulator";
				SUPPORTS_MACCATALYST = NO;
				SUPPORTS_MAC_DESIGNED_FOR_IPHONE_IPAD = NO;
				SWIFT_EMIT_LOC_STRINGS = YES;
				SWIFT_VERSION = 5.0;
				TARGETED_DEVICE_FAMILY = "1,2";
				VALIDATE_PRODUCT = YES;
			};
			name = Release;
		};
/* End XCBuildConfiguration section */

/* Begin XCConfigurationList section */
		78D842852982C6A500B13B49 /* Build configuration list for PBXNativeTarget "AirGuardTests" */ = {
			isa = XCConfigurationList;
			buildConfigurations = (
				78D842832982C6A500B13B49 /* Debug */,
				78D842842982C6A500B13B49 /* Release */,
			);
			defaultConfigurationIsVisible = 0;
			defaultConfigurationName = Release;
		};
		EB03E3AC2850DC8B000B9BE1 /* Build configuration list for PBXNativeTarget "AirGuardWidgetExtension" */ = {
			isa = XCConfigurationList;
			buildConfigurations = (
				EB03E3AA2850DC8B000B9BE1 /* Debug */,
				EB03E3AB2850DC8B000B9BE1 /* Release */,
			);
			defaultConfigurationIsVisible = 0;
			defaultConfigurationName = Release;
		};
		EB8D573F28099EAD006B1BB8 /* Build configuration list for PBXProject "AirGuard" */ = {
			isa = XCConfigurationList;
			buildConfigurations = (
				EB8D575728099EB1006B1BB8 /* Debug */,
				EB8D575828099EB1006B1BB8 /* Release */,
			);
			defaultConfigurationIsVisible = 0;
			defaultConfigurationName = Release;
		};
		EB8D575928099EB1006B1BB8 /* Build configuration list for PBXNativeTarget "AirGuard (iOS)" */ = {
			isa = XCConfigurationList;
			buildConfigurations = (
				EB8D575A28099EB1006B1BB8 /* Debug */,
				EB8D575B28099EB1006B1BB8 /* Release */,
			);
			defaultConfigurationIsVisible = 0;
			defaultConfigurationName = Release;
		};
/* End XCConfigurationList section */

/* Begin XCVersionGroup section */
		EB51A61728291D8300652573 /* DataModel.xcdatamodeld */ = {
			isa = XCVersionGroup;
			children = (
				EB51A61828291D8300652573 /* DataModel.xcdatamodel */,
			);
			currentVersion = EB51A61828291D8300652573 /* DataModel.xcdatamodel */;
			path = DataModel.xcdatamodeld;
			sourceTree = "<group>";
			versionGroupType = wrapper.xcdatamodel;
		};
/* End XCVersionGroup section */
	};
	rootObject = EB8D573C28099EAD006B1BB8 /* Project object */;
}
